
Microsoft Visual Studio Solution File, Format Version 12.00
# Visual Studio Version 17
VisualStudioVersion = 17.4.33205.214
MinimumVisualStudioVersion = 10.0.40219.1
Project("{2150E333-8FDC-42A3-9474-1A3956D46DE8}") = "GUI", "GUI", "{8F6F0FAC-9E64-4A9C-910B-125C378F8238}"
EndProject
Project("{2150E333-8FDC-42A3-9474-1A3956D46DE8}") = "Data", "Data", "{A9231DA2-111B-4F6B-BE88-10DB60F4D380}"
EndProject
Project("{2150E333-8FDC-42A3-9474-1A3956D46DE8}") = "Device", "Device", "{24C0EDC9-4B71-466B-818D-8C71D923C5CD}"
EndProject
Project("{2150E333-8FDC-42A3-9474-1A3956D46DE8}") = "Library", "Library", "{477ABEC1-0F2D-4FCF-9F7B-831E6A853F1C}"
EndProject
Project("{2150E333-8FDC-42A3-9474-1A3956D46DE8}") = "Task", "Task", "{ABC0148B-706B-4DCE-B12E-EBDC36A85AAF}"
EndProject
Project("{2150E333-8FDC-42A3-9474-1A3956D46DE8}") = "IF", "IF", "{7CF651E5-0E67-4088-986E-08C1ACE830D1}"
EndProject
Project("{FAE04EC0-301F-11D3-BF4B-00C04F79EFBC}") = "Sineva.VHL.Library", "Library\Sineva.VHL.Library\Sineva.VHL.Library.csproj", "{C7FC4C85-A830-461F-BA75-6BB3D755B8CD}"
EndProject
Project("{FAE04EC0-301F-11D3-BF4B-00C04F79EFBC}") = "Sineva.VHL.Device", "Device\Sineva.VHL.Device\Sineva.VHL.Device.csproj", "{88ED1868-33AD-4314-BCAD-1FF8E5B41DA7}"
	ProjectSection(ProjectDependencies) = postProject
		{787B8FF7-F0EA-4E28-A66D-23C5D911AFAE} = {787B8FF7-F0EA-4E28-A66D-23C5D911AFAE}
		{C1645797-7C9F-409D-8C94-F39A512EDBDC} = {C1645797-7C9F-409D-8C94-F39A512EDBDC}
		{C7FC4C85-A830-461F-BA75-6BB3D755B8CD} = {C7FC4C85-A830-461F-BA75-6BB3D755B8CD}
		{F5B9D83B-AFE1-405D-A326-6191E40AD690} = {F5B9D83B-AFE1-405D-A326-6191E40AD690}
	EndProjectSection
EndProject
Project("{FAE04EC0-301F-11D3-BF4B-00C04F79EFBC}") = "Sineva.VHL.Data", "Data\Sineva.VHL.Data\Sineva.VHL.Data.csproj", "{CBB2FF33-FB2A-4648-A820-3BE95B3F1777}"
EndProject
Project("{FAE04EC0-301F-11D3-BF4B-00C04F79EFBC}") = "Sineva.VHL.Task", "Task\Sineva.VHL.Task\Sineva.VHL.Task.csproj", "{1BFDD5C1-57C1-46D5-8C48-6E2EFB70AD31}"
EndProject
Project("{FAE04EC0-301F-11D3-BF4B-00C04F79EFBC}") = "Sineva.VHL.Library.ACS", "Library\Sineva.VHL.Library.ACS\Sineva.VHL.Library.ACS.csproj", "{52D84F76-A26F-4B4E-B296-1158DD3A6C4B}"
	ProjectSection(ProjectDependencies) = postProject
		{F5B9D83B-AFE1-405D-A326-6191E40AD690} = {F5B9D83B-AFE1-405D-A326-6191E40AD690}
	EndProjectSection
EndProject
Project("{FAE04EC0-301F-11D3-BF4B-00C04F79EFBC}") = "Sineva.VHL.Library.Servo", "Library\Sineva.VHL.Library.Servo\Sineva.VHL.Library.Servo.csproj", "{F5B9D83B-AFE1-405D-A326-6191E40AD690}"
	ProjectSection(ProjectDependencies) = postProject
		{C7FC4C85-A830-461F-BA75-6BB3D755B8CD} = {C7FC4C85-A830-461F-BA75-6BB3D755B8CD}
	EndProjectSection
EndProject
Project("{FAE04EC0-301F-11D3-BF4B-00C04F79EFBC}") = "Sineva.VHL.Library.IO", "Library\Sineva.VHL.Library.IO\Sineva.VHL.Library.IO.csproj", "{2E4C888D-BA26-4AA2-98CE-007CD48D2DB0}"
EndProject
Project("{FAE04EC0-301F-11D3-BF4B-00C04F79EFBC}") = "Sineva.VHL.Library.Mp2100", "Library\Sineva.VHL.Library.Mp2100\Sineva.VHL.Library.Mp2100.csproj", "{D06F3AA6-E3DA-4522-943D-DAB16364E772}"
	ProjectSection(ProjectDependencies) = postProject
		{2E4C888D-BA26-4AA2-98CE-007CD48D2DB0} = {2E4C888D-BA26-4AA2-98CE-007CD48D2DB0}
		{F5B9D83B-AFE1-405D-A326-6191E40AD690} = {F5B9D83B-AFE1-405D-A326-6191E40AD690}
	EndProjectSection
EndProject
Project("{FAE04EC0-301F-11D3-BF4B-00C04F79EFBC}") = "Sineva.VHL.Library.RegistryKey", "Library\Sineva.VHL.Library.RegistryKey\Sineva.VHL.Library.RegistryKey.csproj", "{90EEBD9C-6716-474A-B470-7138EDD0B3C5}"
EndProject
Project("{FAE04EC0-301F-11D3-BF4B-00C04F79EFBC}") = "Sineva.VHL.Library.Ajin", "Library\Sineva.VHL.Library.Ajin\Sineva.VHL.Library.Ajin.csproj", "{8E24D26B-C342-4A9B-8124-8220BB5EFCDA}"
	ProjectSection(ProjectDependencies) = postProject
		{F5B9D83B-AFE1-405D-A326-6191E40AD690} = {F5B9D83B-AFE1-405D-A326-6191E40AD690}
	EndProjectSection
EndProject
Project("{FAE04EC0-301F-11D3-BF4B-00C04F79EFBC}") = "Sineva.VHL.Library.Bnr", "Library\Sineva.VHL.Library.Bnr\Sineva.VHL.Library.Bnr.csproj", "{CFE3B7D1-B6A5-4BF0-B8FA-272D415CC3B3}"
	ProjectSection(ProjectDependencies) = postProject
		{2E4C888D-BA26-4AA2-98CE-007CD48D2DB0} = {2E4C888D-BA26-4AA2-98CE-007CD48D2DB0}
		{98462CF9-4825-40E4-9240-FF1E9F196259} = {98462CF9-4825-40E4-9240-FF1E9F196259}
	EndProjectSection
EndProject
Project("{FAE04EC0-301F-11D3-BF4B-00C04F79EFBC}") = "Sineva.VHL.Library.BnrModbus", "Library\Sineva.VHL.Library.BnrModbus\Sineva.VHL.Library.BnrModbus.csproj", "{98462CF9-4825-40E4-9240-FF1E9F196259}"
EndProject
Project("{FAE04EC0-301F-11D3-BF4B-00C04F79EFBC}") = "Sineva.VHL.Library.CrevisIO", "Library\Sineva.VHL.Library.CrevisIO\Sineva.VHL.Library.CrevisIO.csproj", "{7C8E5DF8-4861-4006-BA57-0DEEA2467438}"
	ProjectSection(ProjectDependencies) = postProject
		{2E4C888D-BA26-4AA2-98CE-007CD48D2DB0} = {2E4C888D-BA26-4AA2-98CE-007CD48D2DB0}
		{98462CF9-4825-40E4-9240-FF1E9F196259} = {98462CF9-4825-40E4-9240-FF1E9F196259}
	EndProjectSection
EndProject
Project("{FAE04EC0-301F-11D3-BF4B-00C04F79EFBC}") = "Sineva.VHL.Library.FtpControl", "Library\Sineva.VHL.Library.FtpControl\Sineva.VHL.Library.FtpControl.csproj", "{5482E4E6-D7B6-4C43-89D3-7B759129D74D}"
	ProjectSection(ProjectDependencies) = postProject
		{C7FC4C85-A830-461F-BA75-6BB3D755B8CD} = {C7FC4C85-A830-461F-BA75-6BB3D755B8CD}
	EndProjectSection
EndProject
Project("{FAE04EC0-301F-11D3-BF4B-00C04F79EFBC}") = "Sineva.VHL.Library.InteropServices", "Library\Sineva.VHL.Library.InteropServices\Sineva.VHL.Library.InteropServices.csproj", "{BF88571B-62E9-4F6D-A86C-C364AACFE8BD}"
	ProjectSection(ProjectDependencies) = postProject
		{C7FC4C85-A830-461F-BA75-6BB3D755B8CD} = {C7FC4C85-A830-461F-BA75-6BB3D755B8CD}
	EndProjectSection
EndProject
Project("{FAE04EC0-301F-11D3-BF4B-00C04F79EFBC}") = "Sineva.VHL.Library.MXP", "Library\Sineva.VHL.Library.MXP\Sineva.VHL.Library.MXP.csproj", "{A64C19D4-F32C-4E7B-BAE6-27E68413797C}"
	ProjectSection(ProjectDependencies) = postProject
		{2E4C888D-BA26-4AA2-98CE-007CD48D2DB0} = {2E4C888D-BA26-4AA2-98CE-007CD48D2DB0}
		{C7FC4C85-A830-461F-BA75-6BB3D755B8CD} = {C7FC4C85-A830-461F-BA75-6BB3D755B8CD}
		{F5B9D83B-AFE1-405D-A326-6191E40AD690} = {F5B9D83B-AFE1-405D-A326-6191E40AD690}
	EndProjectSection
EndProject
Project("{FAE04EC0-301F-11D3-BF4B-00C04F79EFBC}") = "Sineva.VHL.GUI.Config", "GUI\Sineva.VHL.GUI.Config\Sineva.VHL.GUI.Config.csproj", "{1A6C9074-A866-4F8A-86ED-0346092701F2}"
	ProjectSection(ProjectDependencies) = postProject
		{2E4C888D-BA26-4AA2-98CE-007CD48D2DB0} = {2E4C888D-BA26-4AA2-98CE-007CD48D2DB0}
		{A64C19D4-F32C-4E7B-BAE6-27E68413797C} = {A64C19D4-F32C-4E7B-BAE6-27E68413797C}
		{C7FC4C85-A830-461F-BA75-6BB3D755B8CD} = {C7FC4C85-A830-461F-BA75-6BB3D755B8CD}
		{F5B9D83B-AFE1-405D-A326-6191E40AD690} = {F5B9D83B-AFE1-405D-A326-6191E40AD690}
	EndProjectSection
EndProject
Project("{2150E333-8FDC-42A3-9474-1A3956D46DE8}") = "Config", "Config", "{6D150B38-2042-4E78-8E79-A61914809C9F}"
	ProjectSection(SolutionItems) = preProject
		..\Sineva.VHL.BuildObject\Configuration\AppConfig.xml = ..\Sineva.VHL.BuildObject\Configuration\AppConfig.xml
	EndProjectSection
EndProject
Project("{FAE04EC0-301F-11D3-BF4B-00C04F79EFBC}") = "Sineva.VHL.Library.Remoting", "Library\Sineva.VHL.Library.Remoting\Sineva.VHL.Library.Remoting.csproj", "{35F1A666-B737-49BC-A737-E21B826E045A}"
	ProjectSection(ProjectDependencies) = postProject
		{C7FC4C85-A830-461F-BA75-6BB3D755B8CD} = {C7FC4C85-A830-461F-BA75-6BB3D755B8CD}
	EndProjectSection
EndProject
Project("{FAE04EC0-301F-11D3-BF4B-00C04F79EFBC}") = "Sineva.VHL.Device.Assem", "Device\Sineva.VHL.Device.Assem\Sineva.VHL.Device.Assem.csproj", "{787B8FF7-F0EA-4E28-A66D-23C5D911AFAE}"
	ProjectSection(ProjectDependencies) = postProject
		{2E4C888D-BA26-4AA2-98CE-007CD48D2DB0} = {2E4C888D-BA26-4AA2-98CE-007CD48D2DB0}
		{C7FC4C85-A830-461F-BA75-6BB3D755B8CD} = {C7FC4C85-A830-461F-BA75-6BB3D755B8CD}
	EndProjectSection
EndProject
Project("{FAE04EC0-301F-11D3-BF4B-00C04F79EFBC}") = "Sineva.VHL.Data.Alarm", "Data\Sineva.VHL.Data.Alarm\Sineva.VHL.Data.Alarm.csproj", "{4CA639E0-8284-4CF0-AA8D-5C497DF454FA}"
	ProjectSection(ProjectDependencies) = postProject
		{C7FC4C85-A830-461F-BA75-6BB3D755B8CD} = {C7FC4C85-A830-461F-BA75-6BB3D755B8CD}
	EndProjectSection
EndProject
Project("{FAE04EC0-301F-11D3-BF4B-00C04F79EFBC}") = "Sineva.VHL.Device.ServoControl", "Device\Sineva.VHL.Device.ServoControl\Sineva.VHL.Device.ServoControl.csproj", "{C1645797-7C9F-409D-8C94-F39A512EDBDC}"
	ProjectSection(ProjectDependencies) = postProject
		{2E4C888D-BA26-4AA2-98CE-007CD48D2DB0} = {2E4C888D-BA26-4AA2-98CE-007CD48D2DB0}
		{4CA639E0-8284-4CF0-AA8D-5C497DF454FA} = {4CA639E0-8284-4CF0-AA8D-5C497DF454FA}
		{C7FC4C85-A830-461F-BA75-6BB3D755B8CD} = {C7FC4C85-A830-461F-BA75-6BB3D755B8CD}
		{CBB2FF33-FB2A-4648-A820-3BE95B3F1777} = {CBB2FF33-FB2A-4648-A820-3BE95B3F1777}
		{F5B9D83B-AFE1-405D-A326-6191E40AD690} = {F5B9D83B-AFE1-405D-A326-6191E40AD690}
	EndProjectSection
EndProject
Project("{FAE04EC0-301F-11D3-BF4B-00C04F79EFBC}") = "Sineva.VHL.Library.Common", "Library\Sineva.VHL.Library.Common\Sineva.VHL.Library.Common.csproj", "{5A6A4DC0-792F-429D-8932-202B14F559D8}"
EndProject
Project("{FAE04EC0-301F-11D3-BF4B-00C04F79EFBC}") = "Sineva.VHL.Library.DBProvider", "Library\Sineva.VHL.Library.DBProvider\Sineva.VHL.Library.DBProvider.csproj", "{7798C1CB-D4C3-4BC1-B31A-F0446F87D084}"
EndProject
Project("{FAE04EC0-301F-11D3-BF4B-00C04F79EFBC}") = "Sineva.VHL.Library.Melsec", "Library\Sineva.VHL.Library.Melsec\Sineva.VHL.Library.Melsec.csproj", "{BAE0F9B2-4010-4609-8DB3-5C39C5ACEE8C}"
EndProject
Project("{FAE04EC0-301F-11D3-BF4B-00C04F79EFBC}") = "Sineva.VHL.Library.PathFindAlgorithm", "Library\Sineva.VHL.Library.PathFindAlgorithm\Sineva.VHL.Library.PathFindAlgorithm.csproj", "{ABB9E8FA-C222-403F-866B-2A2C5C44D17F}"
EndProject
Project("{FAE04EC0-301F-11D3-BF4B-00C04F79EFBC}") = "Sineva.VHL.Data.PathFinder", "Data\Sineva.VHL.Data.PathFinder\Sineva.VHL.Data.PathFinder.csproj", "{3BBE8CD0-7638-4302-B6D2-BAB98DA57C92}"
EndProject
Project("{FAE04EC0-301F-11D3-BF4B-00C04F79EFBC}") = "Sineva.VHL.Data.Setup", "Data\Sineva.VHL.Data.Setup\Sineva.VHL.Data.Setup.csproj", "{46CD1F17-0CD4-4BEB-9DC1-CB42C0461734}"
EndProject
Project("{FAE04EC0-301F-11D3-BF4B-00C04F79EFBC}") = "Sineva.VHL.IF.OCS", "IF\Sineva.VHL.IF.OCS\Sineva.VHL.IF.OCS.csproj", "{2889E377-915D-4798-B10E-E5AE862BF573}"
EndProject
Project("{FAE04EC0-301F-11D3-BF4B-00C04F79EFBC}") = "Sineva.VHL.IF.JCS", "IF\Sineva.VHL.IF.JCS\Sineva.VHL.IF.JCS.csproj", "{AE979F47-4C64-4771-8615-3F31F4532C01}"
EndProject
Project("{FAE04EC0-301F-11D3-BF4B-00C04F79EFBC}") = "Sineva.VHL.Data.Process", "Data\Sineva.VHL.Data.Process\Sineva.VHL.Data.Process.csproj", "{3813AD0E-9860-4C7E-8307-2DF8B801008C}"
EndProject
Project("{FAE04EC0-301F-11D3-BF4B-00C04F79EFBC}") = "Sineva.VHL.Data.DbAdapter", "Data\Sineva.VHL.Data.DbAdapter\Sineva.VHL.Data.DbAdapter.csproj", "{744A8081-12C7-49DA-8EC5-CB28195CE9D5}"
EndProject
Project("{FAE04EC0-301F-11D3-BF4B-00C04F79EFBC}") = "Sineva.VHL.GUI", "GUI\Sineva.VHL.GUI\Sineva.VHL.GUI.csproj", "{D89E60FB-6C6E-4AA4-AA49-8CDC9DD7F72F}"
EndProject
Project("{2150E333-8FDC-42A3-9474-1A3956D46DE8}") = "AppDefine", "AppDefine", "{8CF5E87A-EE60-47F9-A31B-071A8FBCE497}"
	ProjectSection(SolutionItems) = preProject
		..\Sineva.VHL.BuildObject\AppDefine\DefineAlarm.cs = ..\Sineva.VHL.BuildObject\AppDefine\DefineAlarm.cs
		..\Sineva.VHL.BuildObject\AppDefine\DefineIo.cs = ..\Sineva.VHL.BuildObject\AppDefine\DefineIo.cs
		..\Sineva.VHL.BuildObject\AppDefine\DefineServo.cs = ..\Sineva.VHL.BuildObject\AppDefine\DefineServo.cs
		VersionHistory.txt = VersionHistory.txt
	EndProjectSection
EndProject
Project("{FAE04EC0-301F-11D3-BF4B-00C04F79EFBC}") = "Sineva.VHL.Data.Login", "Data\Sineva.VHL.Data.Login\Sineva.VHL.Data.Login.csproj", "{0A5E1802-DAE3-4015-AFB8-6D36F37D29B2}"
EndProject
Project("{FAE04EC0-301F-11D3-BF4B-00C04F79EFBC}") = "Sineva.VHL.Library.EasySocket", "Library\Sineva.VHL.Library.EasySocket\Sineva.VHL.Library.EasySocket.csproj", "{7BE05EEB-7CFF-455D-A00E-440906CA03EC}"
EndProject
Project("{FAE04EC0-301F-11D3-BF4B-00C04F79EFBC}") = "Sineva.VHL.IF.Vision", "IF\Sineva.VHL.IF.Vision\Sineva.VHL.IF.Vision.csproj", "{20B7D507-7FD1-4D4F-991D-9DE0B3B59F48}"
EndProject
Project("{FAE04EC0-301F-11D3-BF4B-00C04F79EFBC}") = "Sineva.VHL.Data.EventLog", "Data\Sineva.VHL.Data.EventLog\Sineva.VHL.Data.EventLog.csproj", "{84780B2F-8541-41F9-9866-10C8A2D8DA28}"
EndProject
Project("{FAE04EC0-301F-11D3-BF4B-00C04F79EFBC}") = "Sineva.VHL.IF.GL310", "IF\Sineva.VHL.GL310\Sineva.VHL.IF.GL310.csproj", "{B3D41062-AAFA-4880-9571-599AA4A5E370}"
EndProject
Project("{FAE04EC0-301F-11D3-BF4B-00C04F79EFBC}") = "Sineva.VHL.GUI.Touch", "GUI\Sineva.VHL.GUI.Touch\Sineva.VHL.GUI.Touch.csproj", "{B51CEA40-8B68-40C7-9EC5-697911410A09}"
EndProject
Project("{FAE04EC0-301F-11D3-BF4B-00C04F79EFBC}") = "Sineva.VHL.IF.EEIP", "IF\Sineva.VHL.IF.EEIP\Sineva.VHL.IF.EEIP.csproj", "{9A53B2BC-E2AE-448B-9EB6-0183C2C0A6FD}"
EndProject
Project("{FAE04EC0-301F-11D3-BF4B-00C04F79EFBC}") = "Sineva.VHL.GUI.TouchPad", "GUI\Sineva.VHL.GUI.TouchPad\Sineva.VHL.GUI.TouchPad.csproj", "{E012FAD3-B5E7-44A6-A484-F5D6A6C23B91}"
EndProject
Project("{FAE04EC0-301F-11D3-BF4B-00C04F79EFBC}") = "Sineva.VHL.Library.SimpleWifi", "Library\Sineva.VHL.Library.SimpleWifi\Sineva.VHL.Library.SimpleWifi.csproj", "{6AA425C9-EA6A-4B01-AAED-5FF122E8B663}"
EndProject
Project("{FAE04EC0-301F-11D3-BF4B-00C04F79EFBC}") = "Sineva.VHL.IF.WebApi", "IF\Sineva.VHL.IF.WebApi\Sineva.VHL.IF.WebApi.csproj", "{BEE33D94-6BC9-4061-A5A8-86E1F6D6449A}"
EndProject
Global
	GlobalSection(SolutionConfigurationPlatforms) = preSolution
		Debug|Any CPU = Debug|Any CPU
		Debug|ARM = Debug|ARM
		Debug|ARM64 = Debug|ARM64
		Debug|x64 = Debug|x64
		Debug|x86 = Debug|x86
		Release|Any CPU = Release|Any CPU
		Release|ARM = Release|ARM
		Release|ARM64 = Release|ARM64
		Release|x64 = Release|x64
		Release|x86 = Release|x86
	EndGlobalSection
	GlobalSection(ProjectConfigurationPlatforms) = postSolution
		{C7FC4C85-A830-461F-BA75-6BB3D755B8CD}.Debug|Any CPU.ActiveCfg = Debug|Any CPU
		{C7FC4C85-A830-461F-BA75-6BB3D755B8CD}.Debug|Any CPU.Build.0 = Debug|Any CPU
		{C7FC4C85-A830-461F-BA75-6BB3D755B8CD}.Debug|ARM.ActiveCfg = Debug|Any CPU
		{C7FC4C85-A830-461F-BA75-6BB3D755B8CD}.Debug|ARM.Build.0 = Debug|Any CPU
		{C7FC4C85-A830-461F-BA75-6BB3D755B8CD}.Debug|ARM64.ActiveCfg = Debug|Any CPU
		{C7FC4C85-A830-461F-BA75-6BB3D755B8CD}.Debug|ARM64.Build.0 = Debug|Any CPU
		{C7FC4C85-A830-461F-BA75-6BB3D755B8CD}.Debug|x64.ActiveCfg = Debug|Any CPU
		{C7FC4C85-A830-461F-BA75-6BB3D755B8CD}.Debug|x64.Build.0 = Debug|Any CPU
		{C7FC4C85-A830-461F-BA75-6BB3D755B8CD}.Debug|x86.ActiveCfg = Debug|Any CPU
		{C7FC4C85-A830-461F-BA75-6BB3D755B8CD}.Debug|x86.Build.0 = Debug|Any CPU
		{C7FC4C85-A830-461F-BA75-6BB3D755B8CD}.Release|Any CPU.ActiveCfg = Release|Any CPU
		{C7FC4C85-A830-461F-BA75-6BB3D755B8CD}.Release|Any CPU.Build.0 = Release|Any CPU
		{C7FC4C85-A830-461F-BA75-6BB3D755B8CD}.Release|ARM.ActiveCfg = Release|Any CPU
		{C7FC4C85-A830-461F-BA75-6BB3D755B8CD}.Release|ARM.Build.0 = Release|Any CPU
		{C7FC4C85-A830-461F-BA75-6BB3D755B8CD}.Release|ARM64.ActiveCfg = Release|Any CPU
		{C7FC4C85-A830-461F-BA75-6BB3D755B8CD}.Release|ARM64.Build.0 = Release|Any CPU
		{C7FC4C85-A830-461F-BA75-6BB3D755B8CD}.Release|x64.ActiveCfg = Release|Any CPU
		{C7FC4C85-A830-461F-BA75-6BB3D755B8CD}.Release|x64.Build.0 = Release|Any CPU
		{C7FC4C85-A830-461F-BA75-6BB3D755B8CD}.Release|x86.ActiveCfg = Release|Any CPU
		{C7FC4C85-A830-461F-BA75-6BB3D755B8CD}.Release|x86.Build.0 = Release|Any CPU
		{88ED1868-33AD-4314-BCAD-1FF8E5B41DA7}.Debug|Any CPU.ActiveCfg = Debug|Any CPU
		{88ED1868-33AD-4314-BCAD-1FF8E5B41DA7}.Debug|Any CPU.Build.0 = Debug|Any CPU
		{88ED1868-33AD-4314-BCAD-1FF8E5B41DA7}.Debug|ARM.ActiveCfg = Debug|Any CPU
		{88ED1868-33AD-4314-BCAD-1FF8E5B41DA7}.Debug|ARM.Build.0 = Debug|Any CPU
		{88ED1868-33AD-4314-BCAD-1FF8E5B41DA7}.Debug|ARM64.ActiveCfg = Debug|Any CPU
		{88ED1868-33AD-4314-BCAD-1FF8E5B41DA7}.Debug|ARM64.Build.0 = Debug|Any CPU
		{88ED1868-33AD-4314-BCAD-1FF8E5B41DA7}.Debug|x64.ActiveCfg = Debug|Any CPU
		{88ED1868-33AD-4314-BCAD-1FF8E5B41DA7}.Debug|x64.Build.0 = Debug|Any CPU
		{88ED1868-33AD-4314-BCAD-1FF8E5B41DA7}.Debug|x86.ActiveCfg = Debug|Any CPU
		{88ED1868-33AD-4314-BCAD-1FF8E5B41DA7}.Debug|x86.Build.0 = Debug|Any CPU
		{88ED1868-33AD-4314-BCAD-1FF8E5B41DA7}.Release|Any CPU.ActiveCfg = Release|Any CPU
		{88ED1868-33AD-4314-BCAD-1FF8E5B41DA7}.Release|Any CPU.Build.0 = Release|Any CPU
		{88ED1868-33AD-4314-BCAD-1FF8E5B41DA7}.Release|ARM.ActiveCfg = Release|Any CPU
		{88ED1868-33AD-4314-BCAD-1FF8E5B41DA7}.Release|ARM.Build.0 = Release|Any CPU
		{88ED1868-33AD-4314-BCAD-1FF8E5B41DA7}.Release|ARM64.ActiveCfg = Release|Any CPU
		{88ED1868-33AD-4314-BCAD-1FF8E5B41DA7}.Release|ARM64.Build.0 = Release|Any CPU
		{88ED1868-33AD-4314-BCAD-1FF8E5B41DA7}.Release|x64.ActiveCfg = Release|Any CPU
		{88ED1868-33AD-4314-BCAD-1FF8E5B41DA7}.Release|x64.Build.0 = Release|Any CPU
		{88ED1868-33AD-4314-BCAD-1FF8E5B41DA7}.Release|x86.ActiveCfg = Release|Any CPU
		{88ED1868-33AD-4314-BCAD-1FF8E5B41DA7}.Release|x86.Build.0 = Release|Any CPU
		{CBB2FF33-FB2A-4648-A820-3BE95B3F1777}.Debug|Any CPU.ActiveCfg = Debug|Any CPU
		{CBB2FF33-FB2A-4648-A820-3BE95B3F1777}.Debug|Any CPU.Build.0 = Debug|Any CPU
		{CBB2FF33-FB2A-4648-A820-3BE95B3F1777}.Debug|ARM.ActiveCfg = Debug|Any CPU
		{CBB2FF33-FB2A-4648-A820-3BE95B3F1777}.Debug|ARM.Build.0 = Debug|Any CPU
		{CBB2FF33-FB2A-4648-A820-3BE95B3F1777}.Debug|ARM64.ActiveCfg = Debug|Any CPU
		{CBB2FF33-FB2A-4648-A820-3BE95B3F1777}.Debug|ARM64.Build.0 = Debug|Any CPU
		{CBB2FF33-FB2A-4648-A820-3BE95B3F1777}.Debug|x64.ActiveCfg = Debug|Any CPU
		{CBB2FF33-FB2A-4648-A820-3BE95B3F1777}.Debug|x64.Build.0 = Debug|Any CPU
		{CBB2FF33-FB2A-4648-A820-3BE95B3F1777}.Debug|x86.ActiveCfg = Debug|Any CPU
		{CBB2FF33-FB2A-4648-A820-3BE95B3F1777}.Debug|x86.Build.0 = Debug|Any CPU
		{CBB2FF33-FB2A-4648-A820-3BE95B3F1777}.Release|Any CPU.ActiveCfg = Release|Any CPU
		{CBB2FF33-FB2A-4648-A820-3BE95B3F1777}.Release|Any CPU.Build.0 = Release|Any CPU
		{CBB2FF33-FB2A-4648-A820-3BE95B3F1777}.Release|ARM.ActiveCfg = Release|Any CPU
		{CBB2FF33-FB2A-4648-A820-3BE95B3F1777}.Release|ARM.Build.0 = Release|Any CPU
		{CBB2FF33-FB2A-4648-A820-3BE95B3F1777}.Release|ARM64.ActiveCfg = Release|Any CPU
		{CBB2FF33-FB2A-4648-A820-3BE95B3F1777}.Release|ARM64.Build.0 = Release|Any CPU
		{CBB2FF33-FB2A-4648-A820-3BE95B3F1777}.Release|x64.ActiveCfg = Release|Any CPU
		{CBB2FF33-FB2A-4648-A820-3BE95B3F1777}.Release|x64.Build.0 = Release|Any CPU
		{CBB2FF33-FB2A-4648-A820-3BE95B3F1777}.Release|x86.ActiveCfg = Release|Any CPU
		{CBB2FF33-FB2A-4648-A820-3BE95B3F1777}.Release|x86.Build.0 = Release|Any CPU
		{1BFDD5C1-57C1-46D5-8C48-6E2EFB70AD31}.Debug|Any CPU.ActiveCfg = Debug|Any CPU
		{1BFDD5C1-57C1-46D5-8C48-6E2EFB70AD31}.Debug|Any CPU.Build.0 = Debug|Any CPU
		{1BFDD5C1-57C1-46D5-8C48-6E2EFB70AD31}.Debug|ARM.ActiveCfg = Debug|Any CPU
		{1BFDD5C1-57C1-46D5-8C48-6E2EFB70AD31}.Debug|ARM.Build.0 = Debug|Any CPU
		{1BFDD5C1-57C1-46D5-8C48-6E2EFB70AD31}.Debug|ARM64.ActiveCfg = Debug|Any CPU
		{1BFDD5C1-57C1-46D5-8C48-6E2EFB70AD31}.Debug|ARM64.Build.0 = Debug|Any CPU
		{1BFDD5C1-57C1-46D5-8C48-6E2EFB70AD31}.Debug|x64.ActiveCfg = Debug|Any CPU
		{1BFDD5C1-57C1-46D5-8C48-6E2EFB70AD31}.Debug|x64.Build.0 = Debug|Any CPU
		{1BFDD5C1-57C1-46D5-8C48-6E2EFB70AD31}.Debug|x86.ActiveCfg = Debug|Any CPU
		{1BFDD5C1-57C1-46D5-8C48-6E2EFB70AD31}.Debug|x86.Build.0 = Debug|Any CPU
		{1BFDD5C1-57C1-46D5-8C48-6E2EFB70AD31}.Release|Any CPU.ActiveCfg = Release|Any CPU
		{1BFDD5C1-57C1-46D5-8C48-6E2EFB70AD31}.Release|Any CPU.Build.0 = Release|Any CPU
		{1BFDD5C1-57C1-46D5-8C48-6E2EFB70AD31}.Release|ARM.ActiveCfg = Release|Any CPU
		{1BFDD5C1-57C1-46D5-8C48-6E2EFB70AD31}.Release|ARM.Build.0 = Release|Any CPU
		{1BFDD5C1-57C1-46D5-8C48-6E2EFB70AD31}.Release|ARM64.ActiveCfg = Release|Any CPU
		{1BFDD5C1-57C1-46D5-8C48-6E2EFB70AD31}.Release|ARM64.Build.0 = Release|Any CPU
		{1BFDD5C1-57C1-46D5-8C48-6E2EFB70AD31}.Release|x64.ActiveCfg = Release|Any CPU
		{1BFDD5C1-57C1-46D5-8C48-6E2EFB70AD31}.Release|x64.Build.0 = Release|Any CPU
		{1BFDD5C1-57C1-46D5-8C48-6E2EFB70AD31}.Release|x86.ActiveCfg = Release|Any CPU
		{1BFDD5C1-57C1-46D5-8C48-6E2EFB70AD31}.Release|x86.Build.0 = Release|Any CPU
		{52D84F76-A26F-4B4E-B296-1158DD3A6C4B}.Debug|Any CPU.ActiveCfg = Debug|Any CPU
		{52D84F76-A26F-4B4E-B296-1158DD3A6C4B}.Debug|Any CPU.Build.0 = Debug|Any CPU
		{52D84F76-A26F-4B4E-B296-1158DD3A6C4B}.Debug|ARM.ActiveCfg = Debug|Any CPU
		{52D84F76-A26F-4B4E-B296-1158DD3A6C4B}.Debug|ARM.Build.0 = Debug|Any CPU
		{52D84F76-A26F-4B4E-B296-1158DD3A6C4B}.Debug|ARM64.ActiveCfg = Debug|Any CPU
		{52D84F76-A26F-4B4E-B296-1158DD3A6C4B}.Debug|ARM64.Build.0 = Debug|Any CPU
		{52D84F76-A26F-4B4E-B296-1158DD3A6C4B}.Debug|x64.ActiveCfg = Debug|Any CPU
		{52D84F76-A26F-4B4E-B296-1158DD3A6C4B}.Debug|x64.Build.0 = Debug|Any CPU
		{52D84F76-A26F-4B4E-B296-1158DD3A6C4B}.Debug|x86.ActiveCfg = Debug|Any CPU
		{52D84F76-A26F-4B4E-B296-1158DD3A6C4B}.Debug|x86.Build.0 = Debug|Any CPU
		{52D84F76-A26F-4B4E-B296-1158DD3A6C4B}.Release|Any CPU.ActiveCfg = Release|Any CPU
		{52D84F76-A26F-4B4E-B296-1158DD3A6C4B}.Release|Any CPU.Build.0 = Release|Any CPU
		{52D84F76-A26F-4B4E-B296-1158DD3A6C4B}.Release|ARM.ActiveCfg = Release|Any CPU
		{52D84F76-A26F-4B4E-B296-1158DD3A6C4B}.Release|ARM.Build.0 = Release|Any CPU
		{52D84F76-A26F-4B4E-B296-1158DD3A6C4B}.Release|ARM64.ActiveCfg = Release|Any CPU
		{52D84F76-A26F-4B4E-B296-1158DD3A6C4B}.Release|ARM64.Build.0 = Release|Any CPU
		{52D84F76-A26F-4B4E-B296-1158DD3A6C4B}.Release|x64.ActiveCfg = Release|Any CPU
		{52D84F76-A26F-4B4E-B296-1158DD3A6C4B}.Release|x64.Build.0 = Release|Any CPU
		{52D84F76-A26F-4B4E-B296-1158DD3A6C4B}.Release|x86.ActiveCfg = Release|Any CPU
		{52D84F76-A26F-4B4E-B296-1158DD3A6C4B}.Release|x86.Build.0 = Release|Any CPU
		{F5B9D83B-AFE1-405D-A326-6191E40AD690}.Debug|Any CPU.ActiveCfg = Debug|Any CPU
		{F5B9D83B-AFE1-405D-A326-6191E40AD690}.Debug|Any CPU.Build.0 = Debug|Any CPU
		{F5B9D83B-AFE1-405D-A326-6191E40AD690}.Debug|ARM.ActiveCfg = Debug|Any CPU
		{F5B9D83B-AFE1-405D-A326-6191E40AD690}.Debug|ARM.Build.0 = Debug|Any CPU
		{F5B9D83B-AFE1-405D-A326-6191E40AD690}.Debug|ARM64.ActiveCfg = Debug|Any CPU
		{F5B9D83B-AFE1-405D-A326-6191E40AD690}.Debug|ARM64.Build.0 = Debug|Any CPU
		{F5B9D83B-AFE1-405D-A326-6191E40AD690}.Debug|x64.ActiveCfg = Debug|Any CPU
		{F5B9D83B-AFE1-405D-A326-6191E40AD690}.Debug|x64.Build.0 = Debug|Any CPU
		{F5B9D83B-AFE1-405D-A326-6191E40AD690}.Debug|x86.ActiveCfg = Debug|Any CPU
		{F5B9D83B-AFE1-405D-A326-6191E40AD690}.Debug|x86.Build.0 = Debug|Any CPU
		{F5B9D83B-AFE1-405D-A326-6191E40AD690}.Release|Any CPU.ActiveCfg = Release|Any CPU
		{F5B9D83B-AFE1-405D-A326-6191E40AD690}.Release|Any CPU.Build.0 = Release|Any CPU
		{F5B9D83B-AFE1-405D-A326-6191E40AD690}.Release|ARM.ActiveCfg = Release|Any CPU
		{F5B9D83B-AFE1-405D-A326-6191E40AD690}.Release|ARM.Build.0 = Release|Any CPU
		{F5B9D83B-AFE1-405D-A326-6191E40AD690}.Release|ARM64.ActiveCfg = Release|Any CPU
		{F5B9D83B-AFE1-405D-A326-6191E40AD690}.Release|ARM64.Build.0 = Release|Any CPU
		{F5B9D83B-AFE1-405D-A326-6191E40AD690}.Release|x64.ActiveCfg = Release|Any CPU
		{F5B9D83B-AFE1-405D-A326-6191E40AD690}.Release|x64.Build.0 = Release|Any CPU
		{F5B9D83B-AFE1-405D-A326-6191E40AD690}.Release|x86.ActiveCfg = Release|Any CPU
		{F5B9D83B-AFE1-405D-A326-6191E40AD690}.Release|x86.Build.0 = Release|Any CPU
		{2E4C888D-BA26-4AA2-98CE-007CD48D2DB0}.Debug|Any CPU.ActiveCfg = Debug|Any CPU
		{2E4C888D-BA26-4AA2-98CE-007CD48D2DB0}.Debug|Any CPU.Build.0 = Debug|Any CPU
		{2E4C888D-BA26-4AA2-98CE-007CD48D2DB0}.Debug|ARM.ActiveCfg = Debug|Any CPU
		{2E4C888D-BA26-4AA2-98CE-007CD48D2DB0}.Debug|ARM.Build.0 = Debug|Any CPU
		{2E4C888D-BA26-4AA2-98CE-007CD48D2DB0}.Debug|ARM64.ActiveCfg = Debug|Any CPU
		{2E4C888D-BA26-4AA2-98CE-007CD48D2DB0}.Debug|ARM64.Build.0 = Debug|Any CPU
		{2E4C888D-BA26-4AA2-98CE-007CD48D2DB0}.Debug|x64.ActiveCfg = Debug|Any CPU
		{2E4C888D-BA26-4AA2-98CE-007CD48D2DB0}.Debug|x64.Build.0 = Debug|Any CPU
		{2E4C888D-BA26-4AA2-98CE-007CD48D2DB0}.Debug|x86.ActiveCfg = Debug|Any CPU
		{2E4C888D-BA26-4AA2-98CE-007CD48D2DB0}.Debug|x86.Build.0 = Debug|Any CPU
		{2E4C888D-BA26-4AA2-98CE-007CD48D2DB0}.Release|Any CPU.ActiveCfg = Release|Any CPU
		{2E4C888D-BA26-4AA2-98CE-007CD48D2DB0}.Release|Any CPU.Build.0 = Release|Any CPU
		{2E4C888D-BA26-4AA2-98CE-007CD48D2DB0}.Release|ARM.ActiveCfg = Release|Any CPU
		{2E4C888D-BA26-4AA2-98CE-007CD48D2DB0}.Release|ARM.Build.0 = Release|Any CPU
		{2E4C888D-BA26-4AA2-98CE-007CD48D2DB0}.Release|ARM64.ActiveCfg = Release|Any CPU
		{2E4C888D-BA26-4AA2-98CE-007CD48D2DB0}.Release|ARM64.Build.0 = Release|Any CPU
		{2E4C888D-BA26-4AA2-98CE-007CD48D2DB0}.Release|x64.ActiveCfg = Release|Any CPU
		{2E4C888D-BA26-4AA2-98CE-007CD48D2DB0}.Release|x64.Build.0 = Release|Any CPU
		{2E4C888D-BA26-4AA2-98CE-007CD48D2DB0}.Release|x86.ActiveCfg = Release|Any CPU
		{2E4C888D-BA26-4AA2-98CE-007CD48D2DB0}.Release|x86.Build.0 = Release|Any CPU
		{D06F3AA6-E3DA-4522-943D-DAB16364E772}.Debug|Any CPU.ActiveCfg = Debug|Any CPU
		{D06F3AA6-E3DA-4522-943D-DAB16364E772}.Debug|Any CPU.Build.0 = Debug|Any CPU
		{D06F3AA6-E3DA-4522-943D-DAB16364E772}.Debug|ARM.ActiveCfg = Debug|Any CPU
		{D06F3AA6-E3DA-4522-943D-DAB16364E772}.Debug|ARM.Build.0 = Debug|Any CPU
		{D06F3AA6-E3DA-4522-943D-DAB16364E772}.Debug|ARM64.ActiveCfg = Debug|Any CPU
		{D06F3AA6-E3DA-4522-943D-DAB16364E772}.Debug|ARM64.Build.0 = Debug|Any CPU
		{D06F3AA6-E3DA-4522-943D-DAB16364E772}.Debug|x64.ActiveCfg = Debug|Any CPU
		{D06F3AA6-E3DA-4522-943D-DAB16364E772}.Debug|x64.Build.0 = Debug|Any CPU
		{D06F3AA6-E3DA-4522-943D-DAB16364E772}.Debug|x86.ActiveCfg = Debug|Any CPU
		{D06F3AA6-E3DA-4522-943D-DAB16364E772}.Debug|x86.Build.0 = Debug|Any CPU
		{D06F3AA6-E3DA-4522-943D-DAB16364E772}.Release|Any CPU.ActiveCfg = Release|Any CPU
		{D06F3AA6-E3DA-4522-943D-DAB16364E772}.Release|Any CPU.Build.0 = Release|Any CPU
		{D06F3AA6-E3DA-4522-943D-DAB16364E772}.Release|ARM.ActiveCfg = Release|Any CPU
		{D06F3AA6-E3DA-4522-943D-DAB16364E772}.Release|ARM.Build.0 = Release|Any CPU
		{D06F3AA6-E3DA-4522-943D-DAB16364E772}.Release|ARM64.ActiveCfg = Release|Any CPU
		{D06F3AA6-E3DA-4522-943D-DAB16364E772}.Release|ARM64.Build.0 = Release|Any CPU
		{D06F3AA6-E3DA-4522-943D-DAB16364E772}.Release|x64.ActiveCfg = Release|Any CPU
		{D06F3AA6-E3DA-4522-943D-DAB16364E772}.Release|x64.Build.0 = Release|Any CPU
		{D06F3AA6-E3DA-4522-943D-DAB16364E772}.Release|x86.ActiveCfg = Release|Any CPU
		{D06F3AA6-E3DA-4522-943D-DAB16364E772}.Release|x86.Build.0 = Release|Any CPU
		{90EEBD9C-6716-474A-B470-7138EDD0B3C5}.Debug|Any CPU.ActiveCfg = Debug|Any CPU
		{90EEBD9C-6716-474A-B470-7138EDD0B3C5}.Debug|Any CPU.Build.0 = Debug|Any CPU
		{90EEBD9C-6716-474A-B470-7138EDD0B3C5}.Debug|ARM.ActiveCfg = Debug|Any CPU
		{90EEBD9C-6716-474A-B470-7138EDD0B3C5}.Debug|ARM.Build.0 = Debug|Any CPU
		{90EEBD9C-6716-474A-B470-7138EDD0B3C5}.Debug|ARM64.ActiveCfg = Debug|Any CPU
		{90EEBD9C-6716-474A-B470-7138EDD0B3C5}.Debug|ARM64.Build.0 = Debug|Any CPU
		{90EEBD9C-6716-474A-B470-7138EDD0B3C5}.Debug|x64.ActiveCfg = Debug|Any CPU
		{90EEBD9C-6716-474A-B470-7138EDD0B3C5}.Debug|x64.Build.0 = Debug|Any CPU
		{90EEBD9C-6716-474A-B470-7138EDD0B3C5}.Debug|x86.ActiveCfg = Debug|Any CPU
		{90EEBD9C-6716-474A-B470-7138EDD0B3C5}.Debug|x86.Build.0 = Debug|Any CPU
		{90EEBD9C-6716-474A-B470-7138EDD0B3C5}.Release|Any CPU.ActiveCfg = Release|Any CPU
		{90EEBD9C-6716-474A-B470-7138EDD0B3C5}.Release|Any CPU.Build.0 = Release|Any CPU
		{90EEBD9C-6716-474A-B470-7138EDD0B3C5}.Release|ARM.ActiveCfg = Release|Any CPU
		{90EEBD9C-6716-474A-B470-7138EDD0B3C5}.Release|ARM.Build.0 = Release|Any CPU
		{90EEBD9C-6716-474A-B470-7138EDD0B3C5}.Release|ARM64.ActiveCfg = Release|Any CPU
		{90EEBD9C-6716-474A-B470-7138EDD0B3C5}.Release|ARM64.Build.0 = Release|Any CPU
		{90EEBD9C-6716-474A-B470-7138EDD0B3C5}.Release|x64.ActiveCfg = Release|Any CPU
		{90EEBD9C-6716-474A-B470-7138EDD0B3C5}.Release|x64.Build.0 = Release|Any CPU
		{90EEBD9C-6716-474A-B470-7138EDD0B3C5}.Release|x86.ActiveCfg = Release|Any CPU
		{90EEBD9C-6716-474A-B470-7138EDD0B3C5}.Release|x86.Build.0 = Release|Any CPU
		{8E24D26B-C342-4A9B-8124-8220BB5EFCDA}.Debug|Any CPU.ActiveCfg = Debug|Any CPU
		{8E24D26B-C342-4A9B-8124-8220BB5EFCDA}.Debug|Any CPU.Build.0 = Debug|Any CPU
		{8E24D26B-C342-4A9B-8124-8220BB5EFCDA}.Debug|ARM.ActiveCfg = Debug|Any CPU
		{8E24D26B-C342-4A9B-8124-8220BB5EFCDA}.Debug|ARM.Build.0 = Debug|Any CPU
		{8E24D26B-C342-4A9B-8124-8220BB5EFCDA}.Debug|ARM64.ActiveCfg = Debug|Any CPU
		{8E24D26B-C342-4A9B-8124-8220BB5EFCDA}.Debug|ARM64.Build.0 = Debug|Any CPU
		{8E24D26B-C342-4A9B-8124-8220BB5EFCDA}.Debug|x64.ActiveCfg = Debug|Any CPU
		{8E24D26B-C342-4A9B-8124-8220BB5EFCDA}.Debug|x64.Build.0 = Debug|Any CPU
		{8E24D26B-C342-4A9B-8124-8220BB5EFCDA}.Debug|x86.ActiveCfg = Debug|Any CPU
		{8E24D26B-C342-4A9B-8124-8220BB5EFCDA}.Debug|x86.Build.0 = Debug|Any CPU
		{8E24D26B-C342-4A9B-8124-8220BB5EFCDA}.Release|Any CPU.ActiveCfg = Release|Any CPU
		{8E24D26B-C342-4A9B-8124-8220BB5EFCDA}.Release|Any CPU.Build.0 = Release|Any CPU
		{8E24D26B-C342-4A9B-8124-8220BB5EFCDA}.Release|ARM.ActiveCfg = Release|Any CPU
		{8E24D26B-C342-4A9B-8124-8220BB5EFCDA}.Release|ARM.Build.0 = Release|Any CPU
		{8E24D26B-C342-4A9B-8124-8220BB5EFCDA}.Release|ARM64.ActiveCfg = Release|Any CPU
		{8E24D26B-C342-4A9B-8124-8220BB5EFCDA}.Release|ARM64.Build.0 = Release|Any CPU
		{8E24D26B-C342-4A9B-8124-8220BB5EFCDA}.Release|x64.ActiveCfg = Release|Any CPU
		{8E24D26B-C342-4A9B-8124-8220BB5EFCDA}.Release|x64.Build.0 = Release|Any CPU
		{8E24D26B-C342-4A9B-8124-8220BB5EFCDA}.Release|x86.ActiveCfg = Release|Any CPU
		{8E24D26B-C342-4A9B-8124-8220BB5EFCDA}.Release|x86.Build.0 = Release|Any CPU
		{CFE3B7D1-B6A5-4BF0-B8FA-272D415CC3B3}.Debug|Any CPU.ActiveCfg = Debug|Any CPU
		{CFE3B7D1-B6A5-4BF0-B8FA-272D415CC3B3}.Debug|Any CPU.Build.0 = Debug|Any CPU
		{CFE3B7D1-B6A5-4BF0-B8FA-272D415CC3B3}.Debug|ARM.ActiveCfg = Debug|Any CPU
		{CFE3B7D1-B6A5-4BF0-B8FA-272D415CC3B3}.Debug|ARM.Build.0 = Debug|Any CPU
		{CFE3B7D1-B6A5-4BF0-B8FA-272D415CC3B3}.Debug|ARM64.ActiveCfg = Debug|Any CPU
		{CFE3B7D1-B6A5-4BF0-B8FA-272D415CC3B3}.Debug|ARM64.Build.0 = Debug|Any CPU
		{CFE3B7D1-B6A5-4BF0-B8FA-272D415CC3B3}.Debug|x64.ActiveCfg = Debug|Any CPU
		{CFE3B7D1-B6A5-4BF0-B8FA-272D415CC3B3}.Debug|x64.Build.0 = Debug|Any CPU
		{CFE3B7D1-B6A5-4BF0-B8FA-272D415CC3B3}.Debug|x86.ActiveCfg = Debug|Any CPU
		{CFE3B7D1-B6A5-4BF0-B8FA-272D415CC3B3}.Debug|x86.Build.0 = Debug|Any CPU
		{CFE3B7D1-B6A5-4BF0-B8FA-272D415CC3B3}.Release|Any CPU.ActiveCfg = Release|Any CPU
		{CFE3B7D1-B6A5-4BF0-B8FA-272D415CC3B3}.Release|Any CPU.Build.0 = Release|Any CPU
		{CFE3B7D1-B6A5-4BF0-B8FA-272D415CC3B3}.Release|ARM.ActiveCfg = Release|Any CPU
		{CFE3B7D1-B6A5-4BF0-B8FA-272D415CC3B3}.Release|ARM.Build.0 = Release|Any CPU
		{CFE3B7D1-B6A5-4BF0-B8FA-272D415CC3B3}.Release|ARM64.ActiveCfg = Release|Any CPU
		{CFE3B7D1-B6A5-4BF0-B8FA-272D415CC3B3}.Release|ARM64.Build.0 = Release|Any CPU
		{CFE3B7D1-B6A5-4BF0-B8FA-272D415CC3B3}.Release|x64.ActiveCfg = Release|Any CPU
		{CFE3B7D1-B6A5-4BF0-B8FA-272D415CC3B3}.Release|x64.Build.0 = Release|Any CPU
		{CFE3B7D1-B6A5-4BF0-B8FA-272D415CC3B3}.Release|x86.ActiveCfg = Release|Any CPU
		{CFE3B7D1-B6A5-4BF0-B8FA-272D415CC3B3}.Release|x86.Build.0 = Release|Any CPU
		{98462CF9-4825-40E4-9240-FF1E9F196259}.Debug|Any CPU.ActiveCfg = Debug|Any CPU
		{98462CF9-4825-40E4-9240-FF1E9F196259}.Debug|Any CPU.Build.0 = Debug|Any CPU
		{98462CF9-4825-40E4-9240-FF1E9F196259}.Debug|ARM.ActiveCfg = Debug|Any CPU
		{98462CF9-4825-40E4-9240-FF1E9F196259}.Debug|ARM.Build.0 = Debug|Any CPU
		{98462CF9-4825-40E4-9240-FF1E9F196259}.Debug|ARM64.ActiveCfg = Debug|Any CPU
		{98462CF9-4825-40E4-9240-FF1E9F196259}.Debug|ARM64.Build.0 = Debug|Any CPU
		{98462CF9-4825-40E4-9240-FF1E9F196259}.Debug|x64.ActiveCfg = Debug|Any CPU
		{98462CF9-4825-40E4-9240-FF1E9F196259}.Debug|x64.Build.0 = Debug|Any CPU
		{98462CF9-4825-40E4-9240-FF1E9F196259}.Debug|x86.ActiveCfg = Debug|Any CPU
		{98462CF9-4825-40E4-9240-FF1E9F196259}.Debug|x86.Build.0 = Debug|Any CPU
		{98462CF9-4825-40E4-9240-FF1E9F196259}.Release|Any CPU.ActiveCfg = Release|Any CPU
		{98462CF9-4825-40E4-9240-FF1E9F196259}.Release|Any CPU.Build.0 = Release|Any CPU
		{98462CF9-4825-40E4-9240-FF1E9F196259}.Release|ARM.ActiveCfg = Release|Any CPU
		{98462CF9-4825-40E4-9240-FF1E9F196259}.Release|ARM.Build.0 = Release|Any CPU
		{98462CF9-4825-40E4-9240-FF1E9F196259}.Release|ARM64.ActiveCfg = Release|Any CPU
		{98462CF9-4825-40E4-9240-FF1E9F196259}.Release|ARM64.Build.0 = Release|Any CPU
		{98462CF9-4825-40E4-9240-FF1E9F196259}.Release|x64.ActiveCfg = Release|Any CPU
		{98462CF9-4825-40E4-9240-FF1E9F196259}.Release|x64.Build.0 = Release|Any CPU
		{98462CF9-4825-40E4-9240-FF1E9F196259}.Release|x86.ActiveCfg = Release|Any CPU
		{98462CF9-4825-40E4-9240-FF1E9F196259}.Release|x86.Build.0 = Release|Any CPU
		{7C8E5DF8-4861-4006-BA57-0DEEA2467438}.Debug|Any CPU.ActiveCfg = Debug|Any CPU
		{7C8E5DF8-4861-4006-BA57-0DEEA2467438}.Debug|Any CPU.Build.0 = Debug|Any CPU
		{7C8E5DF8-4861-4006-BA57-0DEEA2467438}.Debug|ARM.ActiveCfg = Debug|Any CPU
		{7C8E5DF8-4861-4006-BA57-0DEEA2467438}.Debug|ARM.Build.0 = Debug|Any CPU
		{7C8E5DF8-4861-4006-BA57-0DEEA2467438}.Debug|ARM64.ActiveCfg = Debug|Any CPU
		{7C8E5DF8-4861-4006-BA57-0DEEA2467438}.Debug|ARM64.Build.0 = Debug|Any CPU
		{7C8E5DF8-4861-4006-BA57-0DEEA2467438}.Debug|x64.ActiveCfg = Debug|Any CPU
		{7C8E5DF8-4861-4006-BA57-0DEEA2467438}.Debug|x64.Build.0 = Debug|Any CPU
		{7C8E5DF8-4861-4006-BA57-0DEEA2467438}.Debug|x86.ActiveCfg = Debug|Any CPU
		{7C8E5DF8-4861-4006-BA57-0DEEA2467438}.Debug|x86.Build.0 = Debug|Any CPU
		{7C8E5DF8-4861-4006-BA57-0DEEA2467438}.Release|Any CPU.ActiveCfg = Release|Any CPU
		{7C8E5DF8-4861-4006-BA57-0DEEA2467438}.Release|Any CPU.Build.0 = Release|Any CPU
		{7C8E5DF8-4861-4006-BA57-0DEEA2467438}.Release|ARM.ActiveCfg = Release|Any CPU
		{7C8E5DF8-4861-4006-BA57-0DEEA2467438}.Release|ARM.Build.0 = Release|Any CPU
		{7C8E5DF8-4861-4006-BA57-0DEEA2467438}.Release|ARM64.ActiveCfg = Release|Any CPU
		{7C8E5DF8-4861-4006-BA57-0DEEA2467438}.Release|ARM64.Build.0 = Release|Any CPU
		{7C8E5DF8-4861-4006-BA57-0DEEA2467438}.Release|x64.ActiveCfg = Release|Any CPU
		{7C8E5DF8-4861-4006-BA57-0DEEA2467438}.Release|x64.Build.0 = Release|Any CPU
		{7C8E5DF8-4861-4006-BA57-0DEEA2467438}.Release|x86.ActiveCfg = Release|Any CPU
		{7C8E5DF8-4861-4006-BA57-0DEEA2467438}.Release|x86.Build.0 = Release|Any CPU
		{5482E4E6-D7B6-4C43-89D3-7B759129D74D}.Debug|Any CPU.ActiveCfg = Debug|Any CPU
		{5482E4E6-D7B6-4C43-89D3-7B759129D74D}.Debug|Any CPU.Build.0 = Debug|Any CPU
		{5482E4E6-D7B6-4C43-89D3-7B759129D74D}.Debug|ARM.ActiveCfg = Debug|Any CPU
		{5482E4E6-D7B6-4C43-89D3-7B759129D74D}.Debug|ARM.Build.0 = Debug|Any CPU
		{5482E4E6-D7B6-4C43-89D3-7B759129D74D}.Debug|ARM64.ActiveCfg = Debug|Any CPU
		{5482E4E6-D7B6-4C43-89D3-7B759129D74D}.Debug|ARM64.Build.0 = Debug|Any CPU
		{5482E4E6-D7B6-4C43-89D3-7B759129D74D}.Debug|x64.ActiveCfg = Debug|Any CPU
		{5482E4E6-D7B6-4C43-89D3-7B759129D74D}.Debug|x64.Build.0 = Debug|Any CPU
		{5482E4E6-D7B6-4C43-89D3-7B759129D74D}.Debug|x86.ActiveCfg = Debug|Any CPU
		{5482E4E6-D7B6-4C43-89D3-7B759129D74D}.Debug|x86.Build.0 = Debug|Any CPU
		{5482E4E6-D7B6-4C43-89D3-7B759129D74D}.Release|Any CPU.ActiveCfg = Release|Any CPU
		{5482E4E6-D7B6-4C43-89D3-7B759129D74D}.Release|Any CPU.Build.0 = Release|Any CPU
		{5482E4E6-D7B6-4C43-89D3-7B759129D74D}.Release|ARM.ActiveCfg = Release|Any CPU
		{5482E4E6-D7B6-4C43-89D3-7B759129D74D}.Release|ARM.Build.0 = Release|Any CPU
		{5482E4E6-D7B6-4C43-89D3-7B759129D74D}.Release|ARM64.ActiveCfg = Release|Any CPU
		{5482E4E6-D7B6-4C43-89D3-7B759129D74D}.Release|ARM64.Build.0 = Release|Any CPU
		{5482E4E6-D7B6-4C43-89D3-7B759129D74D}.Release|x64.ActiveCfg = Release|Any CPU
		{5482E4E6-D7B6-4C43-89D3-7B759129D74D}.Release|x64.Build.0 = Release|Any CPU
		{5482E4E6-D7B6-4C43-89D3-7B759129D74D}.Release|x86.ActiveCfg = Release|Any CPU
		{5482E4E6-D7B6-4C43-89D3-7B759129D74D}.Release|x86.Build.0 = Release|Any CPU
		{BF88571B-62E9-4F6D-A86C-C364AACFE8BD}.Debug|Any CPU.ActiveCfg = Debug|Any CPU
		{BF88571B-62E9-4F6D-A86C-C364AACFE8BD}.Debug|Any CPU.Build.0 = Debug|Any CPU
		{BF88571B-62E9-4F6D-A86C-C364AACFE8BD}.Debug|ARM.ActiveCfg = Debug|Any CPU
		{BF88571B-62E9-4F6D-A86C-C364AACFE8BD}.Debug|ARM.Build.0 = Debug|Any CPU
		{BF88571B-62E9-4F6D-A86C-C364AACFE8BD}.Debug|ARM64.ActiveCfg = Debug|Any CPU
		{BF88571B-62E9-4F6D-A86C-C364AACFE8BD}.Debug|ARM64.Build.0 = Debug|Any CPU
		{BF88571B-62E9-4F6D-A86C-C364AACFE8BD}.Debug|x64.ActiveCfg = Debug|Any CPU
		{BF88571B-62E9-4F6D-A86C-C364AACFE8BD}.Debug|x64.Build.0 = Debug|Any CPU
		{BF88571B-62E9-4F6D-A86C-C364AACFE8BD}.Debug|x86.ActiveCfg = Debug|Any CPU
		{BF88571B-62E9-4F6D-A86C-C364AACFE8BD}.Debug|x86.Build.0 = Debug|Any CPU
		{BF88571B-62E9-4F6D-A86C-C364AACFE8BD}.Release|Any CPU.ActiveCfg = Release|Any CPU
		{BF88571B-62E9-4F6D-A86C-C364AACFE8BD}.Release|Any CPU.Build.0 = Release|Any CPU
		{BF88571B-62E9-4F6D-A86C-C364AACFE8BD}.Release|ARM.ActiveCfg = Release|Any CPU
		{BF88571B-62E9-4F6D-A86C-C364AACFE8BD}.Release|ARM.Build.0 = Release|Any CPU
		{BF88571B-62E9-4F6D-A86C-C364AACFE8BD}.Release|ARM64.ActiveCfg = Release|Any CPU
		{BF88571B-62E9-4F6D-A86C-C364AACFE8BD}.Release|ARM64.Build.0 = Release|Any CPU
		{BF88571B-62E9-4F6D-A86C-C364AACFE8BD}.Release|x64.ActiveCfg = Release|Any CPU
		{BF88571B-62E9-4F6D-A86C-C364AACFE8BD}.Release|x64.Build.0 = Release|Any CPU
		{BF88571B-62E9-4F6D-A86C-C364AACFE8BD}.Release|x86.ActiveCfg = Release|Any CPU
		{BF88571B-62E9-4F6D-A86C-C364AACFE8BD}.Release|x86.Build.0 = Release|Any CPU
		{A64C19D4-F32C-4E7B-BAE6-27E68413797C}.Debug|Any CPU.ActiveCfg = Debug|Any CPU
		{A64C19D4-F32C-4E7B-BAE6-27E68413797C}.Debug|Any CPU.Build.0 = Debug|Any CPU
		{A64C19D4-F32C-4E7B-BAE6-27E68413797C}.Debug|ARM.ActiveCfg = Debug|Any CPU
		{A64C19D4-F32C-4E7B-BAE6-27E68413797C}.Debug|ARM.Build.0 = Debug|Any CPU
		{A64C19D4-F32C-4E7B-BAE6-27E68413797C}.Debug|ARM64.ActiveCfg = Debug|Any CPU
		{A64C19D4-F32C-4E7B-BAE6-27E68413797C}.Debug|ARM64.Build.0 = Debug|Any CPU
		{A64C19D4-F32C-4E7B-BAE6-27E68413797C}.Debug|x64.ActiveCfg = Debug|Any CPU
		{A64C19D4-F32C-4E7B-BAE6-27E68413797C}.Debug|x64.Build.0 = Debug|Any CPU
		{A64C19D4-F32C-4E7B-BAE6-27E68413797C}.Debug|x86.ActiveCfg = Debug|Any CPU
		{A64C19D4-F32C-4E7B-BAE6-27E68413797C}.Debug|x86.Build.0 = Debug|Any CPU
		{A64C19D4-F32C-4E7B-BAE6-27E68413797C}.Release|Any CPU.ActiveCfg = Release|Any CPU
		{A64C19D4-F32C-4E7B-BAE6-27E68413797C}.Release|Any CPU.Build.0 = Release|Any CPU
		{A64C19D4-F32C-4E7B-BAE6-27E68413797C}.Release|ARM.ActiveCfg = Release|Any CPU
		{A64C19D4-F32C-4E7B-BAE6-27E68413797C}.Release|ARM.Build.0 = Release|Any CPU
		{A64C19D4-F32C-4E7B-BAE6-27E68413797C}.Release|ARM64.ActiveCfg = Release|Any CPU
		{A64C19D4-F32C-4E7B-BAE6-27E68413797C}.Release|ARM64.Build.0 = Release|Any CPU
		{A64C19D4-F32C-4E7B-BAE6-27E68413797C}.Release|x64.ActiveCfg = Release|Any CPU
		{A64C19D4-F32C-4E7B-BAE6-27E68413797C}.Release|x64.Build.0 = Release|Any CPU
		{A64C19D4-F32C-4E7B-BAE6-27E68413797C}.Release|x86.ActiveCfg = Release|Any CPU
		{A64C19D4-F32C-4E7B-BAE6-27E68413797C}.Release|x86.Build.0 = Release|Any CPU
		{1A6C9074-A866-4F8A-86ED-0346092701F2}.Debug|Any CPU.ActiveCfg = Debug|Any CPU
		{1A6C9074-A866-4F8A-86ED-0346092701F2}.Debug|Any CPU.Build.0 = Debug|Any CPU
		{1A6C9074-A866-4F8A-86ED-0346092701F2}.Debug|ARM.ActiveCfg = Debug|Any CPU
		{1A6C9074-A866-4F8A-86ED-0346092701F2}.Debug|ARM.Build.0 = Debug|Any CPU
		{1A6C9074-A866-4F8A-86ED-0346092701F2}.Debug|ARM64.ActiveCfg = Debug|Any CPU
		{1A6C9074-A866-4F8A-86ED-0346092701F2}.Debug|ARM64.Build.0 = Debug|Any CPU
		{1A6C9074-A866-4F8A-86ED-0346092701F2}.Debug|x64.ActiveCfg = Debug|Any CPU
		{1A6C9074-A866-4F8A-86ED-0346092701F2}.Debug|x64.Build.0 = Debug|Any CPU
		{1A6C9074-A866-4F8A-86ED-0346092701F2}.Debug|x86.ActiveCfg = Debug|Any CPU
		{1A6C9074-A866-4F8A-86ED-0346092701F2}.Debug|x86.Build.0 = Debug|Any CPU
		{1A6C9074-A866-4F8A-86ED-0346092701F2}.Release|Any CPU.ActiveCfg = Release|Any CPU
		{1A6C9074-A866-4F8A-86ED-0346092701F2}.Release|Any CPU.Build.0 = Release|Any CPU
		{1A6C9074-A866-4F8A-86ED-0346092701F2}.Release|ARM.ActiveCfg = Release|Any CPU
		{1A6C9074-A866-4F8A-86ED-0346092701F2}.Release|ARM.Build.0 = Release|Any CPU
		{1A6C9074-A866-4F8A-86ED-0346092701F2}.Release|ARM64.ActiveCfg = Release|Any CPU
		{1A6C9074-A866-4F8A-86ED-0346092701F2}.Release|ARM64.Build.0 = Release|Any CPU
		{1A6C9074-A866-4F8A-86ED-0346092701F2}.Release|x64.ActiveCfg = Release|Any CPU
		{1A6C9074-A866-4F8A-86ED-0346092701F2}.Release|x64.Build.0 = Release|Any CPU
		{1A6C9074-A866-4F8A-86ED-0346092701F2}.Release|x86.ActiveCfg = Release|Any CPU
		{1A6C9074-A866-4F8A-86ED-0346092701F2}.Release|x86.Build.0 = Release|Any CPU
		{35F1A666-B737-49BC-A737-E21B826E045A}.Debug|Any CPU.ActiveCfg = Debug|Any CPU
		{35F1A666-B737-49BC-A737-E21B826E045A}.Debug|Any CPU.Build.0 = Debug|Any CPU
		{35F1A666-B737-49BC-A737-E21B826E045A}.Debug|ARM.ActiveCfg = Debug|Any CPU
		{35F1A666-B737-49BC-A737-E21B826E045A}.Debug|ARM.Build.0 = Debug|Any CPU
		{35F1A666-B737-49BC-A737-E21B826E045A}.Debug|ARM64.ActiveCfg = Debug|Any CPU
		{35F1A666-B737-49BC-A737-E21B826E045A}.Debug|ARM64.Build.0 = Debug|Any CPU
		{35F1A666-B737-49BC-A737-E21B826E045A}.Debug|x64.ActiveCfg = Debug|Any CPU
		{35F1A666-B737-49BC-A737-E21B826E045A}.Debug|x64.Build.0 = Debug|Any CPU
		{35F1A666-B737-49BC-A737-E21B826E045A}.Debug|x86.ActiveCfg = Debug|Any CPU
		{35F1A666-B737-49BC-A737-E21B826E045A}.Debug|x86.Build.0 = Debug|Any CPU
		{35F1A666-B737-49BC-A737-E21B826E045A}.Release|Any CPU.ActiveCfg = Release|Any CPU
		{35F1A666-B737-49BC-A737-E21B826E045A}.Release|Any CPU.Build.0 = Release|Any CPU
		{35F1A666-B737-49BC-A737-E21B826E045A}.Release|ARM.ActiveCfg = Release|Any CPU
		{35F1A666-B737-49BC-A737-E21B826E045A}.Release|ARM.Build.0 = Release|Any CPU
		{35F1A666-B737-49BC-A737-E21B826E045A}.Release|ARM64.ActiveCfg = Release|Any CPU
		{35F1A666-B737-49BC-A737-E21B826E045A}.Release|ARM64.Build.0 = Release|Any CPU
		{35F1A666-B737-49BC-A737-E21B826E045A}.Release|x64.ActiveCfg = Release|Any CPU
		{35F1A666-B737-49BC-A737-E21B826E045A}.Release|x64.Build.0 = Release|Any CPU
		{35F1A666-B737-49BC-A737-E21B826E045A}.Release|x86.ActiveCfg = Release|Any CPU
		{35F1A666-B737-49BC-A737-E21B826E045A}.Release|x86.Build.0 = Release|Any CPU
		{787B8FF7-F0EA-4E28-A66D-23C5D911AFAE}.Debug|Any CPU.ActiveCfg = Debug|Any CPU
		{787B8FF7-F0EA-4E28-A66D-23C5D911AFAE}.Debug|Any CPU.Build.0 = Debug|Any CPU
		{787B8FF7-F0EA-4E28-A66D-23C5D911AFAE}.Debug|ARM.ActiveCfg = Debug|Any CPU
		{787B8FF7-F0EA-4E28-A66D-23C5D911AFAE}.Debug|ARM.Build.0 = Debug|Any CPU
		{787B8FF7-F0EA-4E28-A66D-23C5D911AFAE}.Debug|ARM64.ActiveCfg = Debug|Any CPU
		{787B8FF7-F0EA-4E28-A66D-23C5D911AFAE}.Debug|ARM64.Build.0 = Debug|Any CPU
		{787B8FF7-F0EA-4E28-A66D-23C5D911AFAE}.Debug|x64.ActiveCfg = Debug|Any CPU
		{787B8FF7-F0EA-4E28-A66D-23C5D911AFAE}.Debug|x64.Build.0 = Debug|Any CPU
		{787B8FF7-F0EA-4E28-A66D-23C5D911AFAE}.Debug|x86.ActiveCfg = Debug|Any CPU
		{787B8FF7-F0EA-4E28-A66D-23C5D911AFAE}.Debug|x86.Build.0 = Debug|Any CPU
		{787B8FF7-F0EA-4E28-A66D-23C5D911AFAE}.Release|Any CPU.ActiveCfg = Release|Any CPU
		{787B8FF7-F0EA-4E28-A66D-23C5D911AFAE}.Release|Any CPU.Build.0 = Release|Any CPU
		{787B8FF7-F0EA-4E28-A66D-23C5D911AFAE}.Release|ARM.ActiveCfg = Release|Any CPU
		{787B8FF7-F0EA-4E28-A66D-23C5D911AFAE}.Release|ARM.Build.0 = Release|Any CPU
		{787B8FF7-F0EA-4E28-A66D-23C5D911AFAE}.Release|ARM64.ActiveCfg = Release|Any CPU
		{787B8FF7-F0EA-4E28-A66D-23C5D911AFAE}.Release|ARM64.Build.0 = Release|Any CPU
		{787B8FF7-F0EA-4E28-A66D-23C5D911AFAE}.Release|x64.ActiveCfg = Release|Any CPU
		{787B8FF7-F0EA-4E28-A66D-23C5D911AFAE}.Release|x64.Build.0 = Release|Any CPU
		{787B8FF7-F0EA-4E28-A66D-23C5D911AFAE}.Release|x86.ActiveCfg = Release|Any CPU
		{787B8FF7-F0EA-4E28-A66D-23C5D911AFAE}.Release|x86.Build.0 = Release|Any CPU
		{4CA639E0-8284-4CF0-AA8D-5C497DF454FA}.Debug|Any CPU.ActiveCfg = Debug|Any CPU
		{4CA639E0-8284-4CF0-AA8D-5C497DF454FA}.Debug|Any CPU.Build.0 = Debug|Any CPU
		{4CA639E0-8284-4CF0-AA8D-5C497DF454FA}.Debug|ARM.ActiveCfg = Debug|Any CPU
		{4CA639E0-8284-4CF0-AA8D-5C497DF454FA}.Debug|ARM.Build.0 = Debug|Any CPU
		{4CA639E0-8284-4CF0-AA8D-5C497DF454FA}.Debug|ARM64.ActiveCfg = Debug|Any CPU
		{4CA639E0-8284-4CF0-AA8D-5C497DF454FA}.Debug|ARM64.Build.0 = Debug|Any CPU
		{4CA639E0-8284-4CF0-AA8D-5C497DF454FA}.Debug|x64.ActiveCfg = Debug|Any CPU
		{4CA639E0-8284-4CF0-AA8D-5C497DF454FA}.Debug|x64.Build.0 = Debug|Any CPU
		{4CA639E0-8284-4CF0-AA8D-5C497DF454FA}.Debug|x86.ActiveCfg = Debug|Any CPU
		{4CA639E0-8284-4CF0-AA8D-5C497DF454FA}.Debug|x86.Build.0 = Debug|Any CPU
		{4CA639E0-8284-4CF0-AA8D-5C497DF454FA}.Release|Any CPU.ActiveCfg = Release|Any CPU
		{4CA639E0-8284-4CF0-AA8D-5C497DF454FA}.Release|Any CPU.Build.0 = Release|Any CPU
		{4CA639E0-8284-4CF0-AA8D-5C497DF454FA}.Release|ARM.ActiveCfg = Release|Any CPU
		{4CA639E0-8284-4CF0-AA8D-5C497DF454FA}.Release|ARM.Build.0 = Release|Any CPU
		{4CA639E0-8284-4CF0-AA8D-5C497DF454FA}.Release|ARM64.ActiveCfg = Release|Any CPU
		{4CA639E0-8284-4CF0-AA8D-5C497DF454FA}.Release|ARM64.Build.0 = Release|Any CPU
		{4CA639E0-8284-4CF0-AA8D-5C497DF454FA}.Release|x64.ActiveCfg = Release|Any CPU
		{4CA639E0-8284-4CF0-AA8D-5C497DF454FA}.Release|x64.Build.0 = Release|Any CPU
		{4CA639E0-8284-4CF0-AA8D-5C497DF454FA}.Release|x86.ActiveCfg = Release|Any CPU
		{4CA639E0-8284-4CF0-AA8D-5C497DF454FA}.Release|x86.Build.0 = Release|Any CPU
		{C1645797-7C9F-409D-8C94-F39A512EDBDC}.Debug|Any CPU.ActiveCfg = Debug|Any CPU
		{C1645797-7C9F-409D-8C94-F39A512EDBDC}.Debug|Any CPU.Build.0 = Debug|Any CPU
		{C1645797-7C9F-409D-8C94-F39A512EDBDC}.Debug|ARM.ActiveCfg = Debug|Any CPU
		{C1645797-7C9F-409D-8C94-F39A512EDBDC}.Debug|ARM.Build.0 = Debug|Any CPU
		{C1645797-7C9F-409D-8C94-F39A512EDBDC}.Debug|ARM64.ActiveCfg = Debug|Any CPU
		{C1645797-7C9F-409D-8C94-F39A512EDBDC}.Debug|ARM64.Build.0 = Debug|Any CPU
		{C1645797-7C9F-409D-8C94-F39A512EDBDC}.Debug|x64.ActiveCfg = Debug|Any CPU
		{C1645797-7C9F-409D-8C94-F39A512EDBDC}.Debug|x64.Build.0 = Debug|Any CPU
		{C1645797-7C9F-409D-8C94-F39A512EDBDC}.Debug|x86.ActiveCfg = Debug|Any CPU
		{C1645797-7C9F-409D-8C94-F39A512EDBDC}.Debug|x86.Build.0 = Debug|Any CPU
		{C1645797-7C9F-409D-8C94-F39A512EDBDC}.Release|Any CPU.ActiveCfg = Release|Any CPU
		{C1645797-7C9F-409D-8C94-F39A512EDBDC}.Release|Any CPU.Build.0 = Release|Any CPU
		{C1645797-7C9F-409D-8C94-F39A512EDBDC}.Release|ARM.ActiveCfg = Release|Any CPU
		{C1645797-7C9F-409D-8C94-F39A512EDBDC}.Release|ARM.Build.0 = Release|Any CPU
		{C1645797-7C9F-409D-8C94-F39A512EDBDC}.Release|ARM64.ActiveCfg = Release|Any CPU
		{C1645797-7C9F-409D-8C94-F39A512EDBDC}.Release|ARM64.Build.0 = Release|Any CPU
		{C1645797-7C9F-409D-8C94-F39A512EDBDC}.Release|x64.ActiveCfg = Release|Any CPU
		{C1645797-7C9F-409D-8C94-F39A512EDBDC}.Release|x64.Build.0 = Release|Any CPU
		{C1645797-7C9F-409D-8C94-F39A512EDBDC}.Release|x86.ActiveCfg = Release|Any CPU
		{C1645797-7C9F-409D-8C94-F39A512EDBDC}.Release|x86.Build.0 = Release|Any CPU
		{5A6A4DC0-792F-429D-8932-202B14F559D8}.Debug|Any CPU.ActiveCfg = Debug|Any CPU
		{5A6A4DC0-792F-429D-8932-202B14F559D8}.Debug|Any CPU.Build.0 = Debug|Any CPU
		{5A6A4DC0-792F-429D-8932-202B14F559D8}.Debug|ARM.ActiveCfg = Debug|Any CPU
		{5A6A4DC0-792F-429D-8932-202B14F559D8}.Debug|ARM.Build.0 = Debug|Any CPU
		{5A6A4DC0-792F-429D-8932-202B14F559D8}.Debug|ARM64.ActiveCfg = Debug|Any CPU
		{5A6A4DC0-792F-429D-8932-202B14F559D8}.Debug|ARM64.Build.0 = Debug|Any CPU
		{5A6A4DC0-792F-429D-8932-202B14F559D8}.Debug|x64.ActiveCfg = Debug|Any CPU
		{5A6A4DC0-792F-429D-8932-202B14F559D8}.Debug|x64.Build.0 = Debug|Any CPU
		{5A6A4DC0-792F-429D-8932-202B14F559D8}.Debug|x86.ActiveCfg = Debug|Any CPU
		{5A6A4DC0-792F-429D-8932-202B14F559D8}.Debug|x86.Build.0 = Debug|Any CPU
		{5A6A4DC0-792F-429D-8932-202B14F559D8}.Release|Any CPU.ActiveCfg = Release|Any CPU
		{5A6A4DC0-792F-429D-8932-202B14F559D8}.Release|Any CPU.Build.0 = Release|Any CPU
		{5A6A4DC0-792F-429D-8932-202B14F559D8}.Release|ARM.ActiveCfg = Release|Any CPU
		{5A6A4DC0-792F-429D-8932-202B14F559D8}.Release|ARM.Build.0 = Release|Any CPU
		{5A6A4DC0-792F-429D-8932-202B14F559D8}.Release|ARM64.ActiveCfg = Release|Any CPU
		{5A6A4DC0-792F-429D-8932-202B14F559D8}.Release|ARM64.Build.0 = Release|Any CPU
		{5A6A4DC0-792F-429D-8932-202B14F559D8}.Release|x64.ActiveCfg = Release|Any CPU
		{5A6A4DC0-792F-429D-8932-202B14F559D8}.Release|x64.Build.0 = Release|Any CPU
		{5A6A4DC0-792F-429D-8932-202B14F559D8}.Release|x86.ActiveCfg = Release|Any CPU
		{5A6A4DC0-792F-429D-8932-202B14F559D8}.Release|x86.Build.0 = Release|Any CPU
		{7798C1CB-D4C3-4BC1-B31A-F0446F87D084}.Debug|Any CPU.ActiveCfg = Debug|Any CPU
		{7798C1CB-D4C3-4BC1-B31A-F0446F87D084}.Debug|Any CPU.Build.0 = Debug|Any CPU
		{7798C1CB-D4C3-4BC1-B31A-F0446F87D084}.Debug|ARM.ActiveCfg = Debug|Any CPU
		{7798C1CB-D4C3-4BC1-B31A-F0446F87D084}.Debug|ARM.Build.0 = Debug|Any CPU
		{7798C1CB-D4C3-4BC1-B31A-F0446F87D084}.Debug|ARM64.ActiveCfg = Debug|Any CPU
		{7798C1CB-D4C3-4BC1-B31A-F0446F87D084}.Debug|ARM64.Build.0 = Debug|Any CPU
		{7798C1CB-D4C3-4BC1-B31A-F0446F87D084}.Debug|x64.ActiveCfg = Debug|Any CPU
		{7798C1CB-D4C3-4BC1-B31A-F0446F87D084}.Debug|x64.Build.0 = Debug|Any CPU
		{7798C1CB-D4C3-4BC1-B31A-F0446F87D084}.Debug|x86.ActiveCfg = Debug|Any CPU
		{7798C1CB-D4C3-4BC1-B31A-F0446F87D084}.Debug|x86.Build.0 = Debug|Any CPU
		{7798C1CB-D4C3-4BC1-B31A-F0446F87D084}.Release|Any CPU.ActiveCfg = Release|Any CPU
		{7798C1CB-D4C3-4BC1-B31A-F0446F87D084}.Release|Any CPU.Build.0 = Release|Any CPU
		{7798C1CB-D4C3-4BC1-B31A-F0446F87D084}.Release|ARM.ActiveCfg = Release|Any CPU
		{7798C1CB-D4C3-4BC1-B31A-F0446F87D084}.Release|ARM.Build.0 = Release|Any CPU
		{7798C1CB-D4C3-4BC1-B31A-F0446F87D084}.Release|ARM64.ActiveCfg = Release|Any CPU
		{7798C1CB-D4C3-4BC1-B31A-F0446F87D084}.Release|ARM64.Build.0 = Release|Any CPU
		{7798C1CB-D4C3-4BC1-B31A-F0446F87D084}.Release|x64.ActiveCfg = Release|Any CPU
		{7798C1CB-D4C3-4BC1-B31A-F0446F87D084}.Release|x64.Build.0 = Release|Any CPU
		{7798C1CB-D4C3-4BC1-B31A-F0446F87D084}.Release|x86.ActiveCfg = Release|Any CPU
		{7798C1CB-D4C3-4BC1-B31A-F0446F87D084}.Release|x86.Build.0 = Release|Any CPU
		{BAE0F9B2-4010-4609-8DB3-5C39C5ACEE8C}.Debug|Any CPU.ActiveCfg = Debug|Any CPU
		{BAE0F9B2-4010-4609-8DB3-5C39C5ACEE8C}.Debug|Any CPU.Build.0 = Debug|Any CPU
		{BAE0F9B2-4010-4609-8DB3-5C39C5ACEE8C}.Debug|ARM.ActiveCfg = Debug|Any CPU
		{BAE0F9B2-4010-4609-8DB3-5C39C5ACEE8C}.Debug|ARM.Build.0 = Debug|Any CPU
		{BAE0F9B2-4010-4609-8DB3-5C39C5ACEE8C}.Debug|ARM64.ActiveCfg = Debug|Any CPU
		{BAE0F9B2-4010-4609-8DB3-5C39C5ACEE8C}.Debug|ARM64.Build.0 = Debug|Any CPU
		{BAE0F9B2-4010-4609-8DB3-5C39C5ACEE8C}.Debug|x64.ActiveCfg = Debug|Any CPU
		{BAE0F9B2-4010-4609-8DB3-5C39C5ACEE8C}.Debug|x64.Build.0 = Debug|Any CPU
		{BAE0F9B2-4010-4609-8DB3-5C39C5ACEE8C}.Debug|x86.ActiveCfg = Debug|Any CPU
		{BAE0F9B2-4010-4609-8DB3-5C39C5ACEE8C}.Debug|x86.Build.0 = Debug|Any CPU
		{BAE0F9B2-4010-4609-8DB3-5C39C5ACEE8C}.Release|Any CPU.ActiveCfg = Release|Any CPU
		{BAE0F9B2-4010-4609-8DB3-5C39C5ACEE8C}.Release|Any CPU.Build.0 = Release|Any CPU
		{BAE0F9B2-4010-4609-8DB3-5C39C5ACEE8C}.Release|ARM.ActiveCfg = Release|Any CPU
		{BAE0F9B2-4010-4609-8DB3-5C39C5ACEE8C}.Release|ARM.Build.0 = Release|Any CPU
		{BAE0F9B2-4010-4609-8DB3-5C39C5ACEE8C}.Release|ARM64.ActiveCfg = Release|Any CPU
		{BAE0F9B2-4010-4609-8DB3-5C39C5ACEE8C}.Release|ARM64.Build.0 = Release|Any CPU
		{BAE0F9B2-4010-4609-8DB3-5C39C5ACEE8C}.Release|x64.ActiveCfg = Release|Any CPU
		{BAE0F9B2-4010-4609-8DB3-5C39C5ACEE8C}.Release|x64.Build.0 = Release|Any CPU
		{BAE0F9B2-4010-4609-8DB3-5C39C5ACEE8C}.Release|x86.ActiveCfg = Release|Any CPU
		{BAE0F9B2-4010-4609-8DB3-5C39C5ACEE8C}.Release|x86.Build.0 = Release|Any CPU
		{ABB9E8FA-C222-403F-866B-2A2C5C44D17F}.Debug|Any CPU.ActiveCfg = Debug|Any CPU
		{ABB9E8FA-C222-403F-866B-2A2C5C44D17F}.Debug|Any CPU.Build.0 = Debug|Any CPU
		{ABB9E8FA-C222-403F-866B-2A2C5C44D17F}.Debug|ARM.ActiveCfg = Debug|Any CPU
		{ABB9E8FA-C222-403F-866B-2A2C5C44D17F}.Debug|ARM.Build.0 = Debug|Any CPU
		{ABB9E8FA-C222-403F-866B-2A2C5C44D17F}.Debug|ARM64.ActiveCfg = Debug|Any CPU
		{ABB9E8FA-C222-403F-866B-2A2C5C44D17F}.Debug|ARM64.Build.0 = Debug|Any CPU
		{ABB9E8FA-C222-403F-866B-2A2C5C44D17F}.Debug|x64.ActiveCfg = Debug|Any CPU
		{ABB9E8FA-C222-403F-866B-2A2C5C44D17F}.Debug|x64.Build.0 = Debug|Any CPU
		{ABB9E8FA-C222-403F-866B-2A2C5C44D17F}.Debug|x86.ActiveCfg = Debug|Any CPU
		{ABB9E8FA-C222-403F-866B-2A2C5C44D17F}.Debug|x86.Build.0 = Debug|Any CPU
		{ABB9E8FA-C222-403F-866B-2A2C5C44D17F}.Release|Any CPU.ActiveCfg = Release|Any CPU
		{ABB9E8FA-C222-403F-866B-2A2C5C44D17F}.Release|Any CPU.Build.0 = Release|Any CPU
		{ABB9E8FA-C222-403F-866B-2A2C5C44D17F}.Release|ARM.ActiveCfg = Release|Any CPU
		{ABB9E8FA-C222-403F-866B-2A2C5C44D17F}.Release|ARM.Build.0 = Release|Any CPU
		{ABB9E8FA-C222-403F-866B-2A2C5C44D17F}.Release|ARM64.ActiveCfg = Release|Any CPU
		{ABB9E8FA-C222-403F-866B-2A2C5C44D17F}.Release|ARM64.Build.0 = Release|Any CPU
		{ABB9E8FA-C222-403F-866B-2A2C5C44D17F}.Release|x64.ActiveCfg = Release|Any CPU
		{ABB9E8FA-C222-403F-866B-2A2C5C44D17F}.Release|x64.Build.0 = Release|Any CPU
		{ABB9E8FA-C222-403F-866B-2A2C5C44D17F}.Release|x86.ActiveCfg = Release|Any CPU
		{ABB9E8FA-C222-403F-866B-2A2C5C44D17F}.Release|x86.Build.0 = Release|Any CPU
		{3BBE8CD0-7638-4302-B6D2-BAB98DA57C92}.Debug|Any CPU.ActiveCfg = Debug|Any CPU
		{3BBE8CD0-7638-4302-B6D2-BAB98DA57C92}.Debug|Any CPU.Build.0 = Debug|Any CPU
		{3BBE8CD0-7638-4302-B6D2-BAB98DA57C92}.Debug|ARM.ActiveCfg = Debug|Any CPU
		{3BBE8CD0-7638-4302-B6D2-BAB98DA57C92}.Debug|ARM.Build.0 = Debug|Any CPU
		{3BBE8CD0-7638-4302-B6D2-BAB98DA57C92}.Debug|ARM64.ActiveCfg = Debug|Any CPU
		{3BBE8CD0-7638-4302-B6D2-BAB98DA57C92}.Debug|ARM64.Build.0 = Debug|Any CPU
		{3BBE8CD0-7638-4302-B6D2-BAB98DA57C92}.Debug|x64.ActiveCfg = Debug|Any CPU
		{3BBE8CD0-7638-4302-B6D2-BAB98DA57C92}.Debug|x64.Build.0 = Debug|Any CPU
		{3BBE8CD0-7638-4302-B6D2-BAB98DA57C92}.Debug|x86.ActiveCfg = Debug|Any CPU
		{3BBE8CD0-7638-4302-B6D2-BAB98DA57C92}.Debug|x86.Build.0 = Debug|Any CPU
		{3BBE8CD0-7638-4302-B6D2-BAB98DA57C92}.Release|Any CPU.ActiveCfg = Release|Any CPU
		{3BBE8CD0-7638-4302-B6D2-BAB98DA57C92}.Release|Any CPU.Build.0 = Release|Any CPU
		{3BBE8CD0-7638-4302-B6D2-BAB98DA57C92}.Release|ARM.ActiveCfg = Release|Any CPU
		{3BBE8CD0-7638-4302-B6D2-BAB98DA57C92}.Release|ARM.Build.0 = Release|Any CPU
		{3BBE8CD0-7638-4302-B6D2-BAB98DA57C92}.Release|ARM64.ActiveCfg = Release|Any CPU
		{3BBE8CD0-7638-4302-B6D2-BAB98DA57C92}.Release|ARM64.Build.0 = Release|Any CPU
		{3BBE8CD0-7638-4302-B6D2-BAB98DA57C92}.Release|x64.ActiveCfg = Release|Any CPU
		{3BBE8CD0-7638-4302-B6D2-BAB98DA57C92}.Release|x64.Build.0 = Release|Any CPU
		{3BBE8CD0-7638-4302-B6D2-BAB98DA57C92}.Release|x86.ActiveCfg = Release|Any CPU
		{3BBE8CD0-7638-4302-B6D2-BAB98DA57C92}.Release|x86.Build.0 = Release|Any CPU
		{46CD1F17-0CD4-4BEB-9DC1-CB42C0461734}.Debug|Any CPU.ActiveCfg = Debug|Any CPU
		{46CD1F17-0CD4-4BEB-9DC1-CB42C0461734}.Debug|Any CPU.Build.0 = Debug|Any CPU
		{46CD1F17-0CD4-4BEB-9DC1-CB42C0461734}.Debug|ARM.ActiveCfg = Debug|Any CPU
		{46CD1F17-0CD4-4BEB-9DC1-CB42C0461734}.Debug|ARM.Build.0 = Debug|Any CPU
		{46CD1F17-0CD4-4BEB-9DC1-CB42C0461734}.Debug|ARM64.ActiveCfg = Debug|Any CPU
		{46CD1F17-0CD4-4BEB-9DC1-CB42C0461734}.Debug|ARM64.Build.0 = Debug|Any CPU
		{46CD1F17-0CD4-4BEB-9DC1-CB42C0461734}.Debug|x64.ActiveCfg = Debug|Any CPU
		{46CD1F17-0CD4-4BEB-9DC1-CB42C0461734}.Debug|x64.Build.0 = Debug|Any CPU
		{46CD1F17-0CD4-4BEB-9DC1-CB42C0461734}.Debug|x86.ActiveCfg = Debug|Any CPU
		{46CD1F17-0CD4-4BEB-9DC1-CB42C0461734}.Debug|x86.Build.0 = Debug|Any CPU
		{46CD1F17-0CD4-4BEB-9DC1-CB42C0461734}.Release|Any CPU.ActiveCfg = Release|Any CPU
		{46CD1F17-0CD4-4BEB-9DC1-CB42C0461734}.Release|Any CPU.Build.0 = Release|Any CPU
		{46CD1F17-0CD4-4BEB-9DC1-CB42C0461734}.Release|ARM.ActiveCfg = Release|Any CPU
		{46CD1F17-0CD4-4BEB-9DC1-CB42C0461734}.Release|ARM.Build.0 = Release|Any CPU
		{46CD1F17-0CD4-4BEB-9DC1-CB42C0461734}.Release|ARM64.ActiveCfg = Release|Any CPU
		{46CD1F17-0CD4-4BEB-9DC1-CB42C0461734}.Release|ARM64.Build.0 = Release|Any CPU
		{46CD1F17-0CD4-4BEB-9DC1-CB42C0461734}.Release|x64.ActiveCfg = Release|Any CPU
		{46CD1F17-0CD4-4BEB-9DC1-CB42C0461734}.Release|x64.Build.0 = Release|Any CPU
		{46CD1F17-0CD4-4BEB-9DC1-CB42C0461734}.Release|x86.ActiveCfg = Release|Any CPU
		{46CD1F17-0CD4-4BEB-9DC1-CB42C0461734}.Release|x86.Build.0 = Release|Any CPU
		{2889E377-915D-4798-B10E-E5AE862BF573}.Debug|Any CPU.ActiveCfg = Debug|Any CPU
		{2889E377-915D-4798-B10E-E5AE862BF573}.Debug|Any CPU.Build.0 = Debug|Any CPU
		{2889E377-915D-4798-B10E-E5AE862BF573}.Debug|ARM.ActiveCfg = Debug|Any CPU
		{2889E377-915D-4798-B10E-E5AE862BF573}.Debug|ARM.Build.0 = Debug|Any CPU
		{2889E377-915D-4798-B10E-E5AE862BF573}.Debug|ARM64.ActiveCfg = Debug|Any CPU
		{2889E377-915D-4798-B10E-E5AE862BF573}.Debug|ARM64.Build.0 = Debug|Any CPU
		{2889E377-915D-4798-B10E-E5AE862BF573}.Debug|x64.ActiveCfg = Debug|Any CPU
		{2889E377-915D-4798-B10E-E5AE862BF573}.Debug|x64.Build.0 = Debug|Any CPU
		{2889E377-915D-4798-B10E-E5AE862BF573}.Debug|x86.ActiveCfg = Debug|Any CPU
		{2889E377-915D-4798-B10E-E5AE862BF573}.Debug|x86.Build.0 = Debug|Any CPU
		{2889E377-915D-4798-B10E-E5AE862BF573}.Release|Any CPU.ActiveCfg = Release|Any CPU
		{2889E377-915D-4798-B10E-E5AE862BF573}.Release|Any CPU.Build.0 = Release|Any CPU
		{2889E377-915D-4798-B10E-E5AE862BF573}.Release|ARM.ActiveCfg = Release|Any CPU
		{2889E377-915D-4798-B10E-E5AE862BF573}.Release|ARM.Build.0 = Release|Any CPU
		{2889E377-915D-4798-B10E-E5AE862BF573}.Release|ARM64.ActiveCfg = Release|Any CPU
		{2889E377-915D-4798-B10E-E5AE862BF573}.Release|ARM64.Build.0 = Release|Any CPU
		{2889E377-915D-4798-B10E-E5AE862BF573}.Release|x64.ActiveCfg = Release|Any CPU
		{2889E377-915D-4798-B10E-E5AE862BF573}.Release|x64.Build.0 = Release|Any CPU
		{2889E377-915D-4798-B10E-E5AE862BF573}.Release|x86.ActiveCfg = Release|Any CPU
		{2889E377-915D-4798-B10E-E5AE862BF573}.Release|x86.Build.0 = Release|Any CPU
		{AE979F47-4C64-4771-8615-3F31F4532C01}.Debug|Any CPU.ActiveCfg = Debug|Any CPU
		{AE979F47-4C64-4771-8615-3F31F4532C01}.Debug|Any CPU.Build.0 = Debug|Any CPU
		{AE979F47-4C64-4771-8615-3F31F4532C01}.Debug|ARM.ActiveCfg = Debug|Any CPU
		{AE979F47-4C64-4771-8615-3F31F4532C01}.Debug|ARM.Build.0 = Debug|Any CPU
		{AE979F47-4C64-4771-8615-3F31F4532C01}.Debug|ARM64.ActiveCfg = Debug|Any CPU
		{AE979F47-4C64-4771-8615-3F31F4532C01}.Debug|ARM64.Build.0 = Debug|Any CPU
		{AE979F47-4C64-4771-8615-3F31F4532C01}.Debug|x64.ActiveCfg = Debug|Any CPU
		{AE979F47-4C64-4771-8615-3F31F4532C01}.Debug|x64.Build.0 = Debug|Any CPU
		{AE979F47-4C64-4771-8615-3F31F4532C01}.Debug|x86.ActiveCfg = Debug|Any CPU
		{AE979F47-4C64-4771-8615-3F31F4532C01}.Debug|x86.Build.0 = Debug|Any CPU
		{AE979F47-4C64-4771-8615-3F31F4532C01}.Release|Any CPU.ActiveCfg = Release|Any CPU
		{AE979F47-4C64-4771-8615-3F31F4532C01}.Release|Any CPU.Build.0 = Release|Any CPU
		{AE979F47-4C64-4771-8615-3F31F4532C01}.Release|ARM.ActiveCfg = Release|Any CPU
		{AE979F47-4C64-4771-8615-3F31F4532C01}.Release|ARM.Build.0 = Release|Any CPU
		{AE979F47-4C64-4771-8615-3F31F4532C01}.Release|ARM64.ActiveCfg = Release|Any CPU
		{AE979F47-4C64-4771-8615-3F31F4532C01}.Release|ARM64.Build.0 = Release|Any CPU
		{AE979F47-4C64-4771-8615-3F31F4532C01}.Release|x64.ActiveCfg = Release|Any CPU
		{AE979F47-4C64-4771-8615-3F31F4532C01}.Release|x64.Build.0 = Release|Any CPU
		{AE979F47-4C64-4771-8615-3F31F4532C01}.Release|x86.ActiveCfg = Release|Any CPU
		{AE979F47-4C64-4771-8615-3F31F4532C01}.Release|x86.Build.0 = Release|Any CPU
		{3813AD0E-9860-4C7E-8307-2DF8B801008C}.Debug|Any CPU.ActiveCfg = Debug|Any CPU
		{3813AD0E-9860-4C7E-8307-2DF8B801008C}.Debug|Any CPU.Build.0 = Debug|Any CPU
		{3813AD0E-9860-4C7E-8307-2DF8B801008C}.Debug|ARM.ActiveCfg = Debug|Any CPU
		{3813AD0E-9860-4C7E-8307-2DF8B801008C}.Debug|ARM.Build.0 = Debug|Any CPU
		{3813AD0E-9860-4C7E-8307-2DF8B801008C}.Debug|ARM64.ActiveCfg = Debug|Any CPU
		{3813AD0E-9860-4C7E-8307-2DF8B801008C}.Debug|ARM64.Build.0 = Debug|Any CPU
		{3813AD0E-9860-4C7E-8307-2DF8B801008C}.Debug|x64.ActiveCfg = Debug|Any CPU
		{3813AD0E-9860-4C7E-8307-2DF8B801008C}.Debug|x64.Build.0 = Debug|Any CPU
		{3813AD0E-9860-4C7E-8307-2DF8B801008C}.Debug|x86.ActiveCfg = Debug|Any CPU
		{3813AD0E-9860-4C7E-8307-2DF8B801008C}.Debug|x86.Build.0 = Debug|Any CPU
		{3813AD0E-9860-4C7E-8307-2DF8B801008C}.Release|Any CPU.ActiveCfg = Release|Any CPU
		{3813AD0E-9860-4C7E-8307-2DF8B801008C}.Release|Any CPU.Build.0 = Release|Any CPU
		{3813AD0E-9860-4C7E-8307-2DF8B801008C}.Release|ARM.ActiveCfg = Release|Any CPU
		{3813AD0E-9860-4C7E-8307-2DF8B801008C}.Release|ARM.Build.0 = Release|Any CPU
		{3813AD0E-9860-4C7E-8307-2DF8B801008C}.Release|ARM64.ActiveCfg = Release|Any CPU
		{3813AD0E-9860-4C7E-8307-2DF8B801008C}.Release|ARM64.Build.0 = Release|Any CPU
		{3813AD0E-9860-4C7E-8307-2DF8B801008C}.Release|x64.ActiveCfg = Release|Any CPU
		{3813AD0E-9860-4C7E-8307-2DF8B801008C}.Release|x64.Build.0 = Release|Any CPU
		{3813AD0E-9860-4C7E-8307-2DF8B801008C}.Release|x86.ActiveCfg = Release|Any CPU
		{3813AD0E-9860-4C7E-8307-2DF8B801008C}.Release|x86.Build.0 = Release|Any CPU
		{744A8081-12C7-49DA-8EC5-CB28195CE9D5}.Debug|Any CPU.ActiveCfg = Debug|Any CPU
		{744A8081-12C7-49DA-8EC5-CB28195CE9D5}.Debug|Any CPU.Build.0 = Debug|Any CPU
		{744A8081-12C7-49DA-8EC5-CB28195CE9D5}.Debug|ARM.ActiveCfg = Debug|Any CPU
		{744A8081-12C7-49DA-8EC5-CB28195CE9D5}.Debug|ARM.Build.0 = Debug|Any CPU
		{744A8081-12C7-49DA-8EC5-CB28195CE9D5}.Debug|ARM64.ActiveCfg = Debug|Any CPU
		{744A8081-12C7-49DA-8EC5-CB28195CE9D5}.Debug|ARM64.Build.0 = Debug|Any CPU
		{744A8081-12C7-49DA-8EC5-CB28195CE9D5}.Debug|x64.ActiveCfg = Debug|Any CPU
		{744A8081-12C7-49DA-8EC5-CB28195CE9D5}.Debug|x64.Build.0 = Debug|Any CPU
		{744A8081-12C7-49DA-8EC5-CB28195CE9D5}.Debug|x86.ActiveCfg = Debug|Any CPU
		{744A8081-12C7-49DA-8EC5-CB28195CE9D5}.Debug|x86.Build.0 = Debug|Any CPU
		{744A8081-12C7-49DA-8EC5-CB28195CE9D5}.Release|Any CPU.ActiveCfg = Release|Any CPU
		{744A8081-12C7-49DA-8EC5-CB28195CE9D5}.Release|Any CPU.Build.0 = Release|Any CPU
		{744A8081-12C7-49DA-8EC5-CB28195CE9D5}.Release|ARM.ActiveCfg = Release|Any CPU
		{744A8081-12C7-49DA-8EC5-CB28195CE9D5}.Release|ARM.Build.0 = Release|Any CPU
		{744A8081-12C7-49DA-8EC5-CB28195CE9D5}.Release|ARM64.ActiveCfg = Release|Any CPU
		{744A8081-12C7-49DA-8EC5-CB28195CE9D5}.Release|ARM64.Build.0 = Release|Any CPU
		{744A8081-12C7-49DA-8EC5-CB28195CE9D5}.Release|x64.ActiveCfg = Release|Any CPU
		{744A8081-12C7-49DA-8EC5-CB28195CE9D5}.Release|x64.Build.0 = Release|Any CPU
		{744A8081-12C7-49DA-8EC5-CB28195CE9D5}.Release|x86.ActiveCfg = Release|Any CPU
		{744A8081-12C7-49DA-8EC5-CB28195CE9D5}.Release|x86.Build.0 = Release|Any CPU
		{D89E60FB-6C6E-4AA4-AA49-8CDC9DD7F72F}.Debug|Any CPU.ActiveCfg = Debug|Any CPU
		{D89E60FB-6C6E-4AA4-AA49-8CDC9DD7F72F}.Debug|Any CPU.Build.0 = Debug|Any CPU
		{D89E60FB-6C6E-4AA4-AA49-8CDC9DD7F72F}.Debug|ARM.ActiveCfg = Debug|Any CPU
		{D89E60FB-6C6E-4AA4-AA49-8CDC9DD7F72F}.Debug|ARM.Build.0 = Debug|Any CPU
		{D89E60FB-6C6E-4AA4-AA49-8CDC9DD7F72F}.Debug|ARM64.ActiveCfg = Debug|Any CPU
		{D89E60FB-6C6E-4AA4-AA49-8CDC9DD7F72F}.Debug|ARM64.Build.0 = Debug|Any CPU
		{D89E60FB-6C6E-4AA4-AA49-8CDC9DD7F72F}.Debug|x64.ActiveCfg = Debug|Any CPU
		{D89E60FB-6C6E-4AA4-AA49-8CDC9DD7F72F}.Debug|x64.Build.0 = Debug|Any CPU
		{D89E60FB-6C6E-4AA4-AA49-8CDC9DD7F72F}.Debug|x86.ActiveCfg = Debug|Any CPU
		{D89E60FB-6C6E-4AA4-AA49-8CDC9DD7F72F}.Debug|x86.Build.0 = Debug|Any CPU
		{D89E60FB-6C6E-4AA4-AA49-8CDC9DD7F72F}.Release|Any CPU.ActiveCfg = Release|Any CPU
		{D89E60FB-6C6E-4AA4-AA49-8CDC9DD7F72F}.Release|Any CPU.Build.0 = Release|Any CPU
		{D89E60FB-6C6E-4AA4-AA49-8CDC9DD7F72F}.Release|ARM.ActiveCfg = Release|Any CPU
		{D89E60FB-6C6E-4AA4-AA49-8CDC9DD7F72F}.Release|ARM.Build.0 = Release|Any CPU
		{D89E60FB-6C6E-4AA4-AA49-8CDC9DD7F72F}.Release|ARM64.ActiveCfg = Release|Any CPU
		{D89E60FB-6C6E-4AA4-AA49-8CDC9DD7F72F}.Release|ARM64.Build.0 = Release|Any CPU
		{D89E60FB-6C6E-4AA4-AA49-8CDC9DD7F72F}.Release|x64.ActiveCfg = Release|Any CPU
		{D89E60FB-6C6E-4AA4-AA49-8CDC9DD7F72F}.Release|x64.Build.0 = Release|Any CPU
		{D89E60FB-6C6E-4AA4-AA49-8CDC9DD7F72F}.Release|x86.ActiveCfg = Release|Any CPU
		{D89E60FB-6C6E-4AA4-AA49-8CDC9DD7F72F}.Release|x86.Build.0 = Release|Any CPU
		{0A5E1802-DAE3-4015-AFB8-6D36F37D29B2}.Debug|Any CPU.ActiveCfg = Debug|Any CPU
		{0A5E1802-DAE3-4015-AFB8-6D36F37D29B2}.Debug|Any CPU.Build.0 = Debug|Any CPU
		{0A5E1802-DAE3-4015-AFB8-6D36F37D29B2}.Debug|ARM.ActiveCfg = Debug|Any CPU
		{0A5E1802-DAE3-4015-AFB8-6D36F37D29B2}.Debug|ARM.Build.0 = Debug|Any CPU
		{0A5E1802-DAE3-4015-AFB8-6D36F37D29B2}.Debug|ARM64.ActiveCfg = Debug|Any CPU
		{0A5E1802-DAE3-4015-AFB8-6D36F37D29B2}.Debug|ARM64.Build.0 = Debug|Any CPU
		{0A5E1802-DAE3-4015-AFB8-6D36F37D29B2}.Debug|x64.ActiveCfg = Debug|Any CPU
		{0A5E1802-DAE3-4015-AFB8-6D36F37D29B2}.Debug|x64.Build.0 = Debug|Any CPU
		{0A5E1802-DAE3-4015-AFB8-6D36F37D29B2}.Debug|x86.ActiveCfg = Debug|Any CPU
		{0A5E1802-DAE3-4015-AFB8-6D36F37D29B2}.Debug|x86.Build.0 = Debug|Any CPU
		{0A5E1802-DAE3-4015-AFB8-6D36F37D29B2}.Release|Any CPU.ActiveCfg = Release|Any CPU
		{0A5E1802-DAE3-4015-AFB8-6D36F37D29B2}.Release|Any CPU.Build.0 = Release|Any CPU
		{0A5E1802-DAE3-4015-AFB8-6D36F37D29B2}.Release|ARM.ActiveCfg = Release|Any CPU
		{0A5E1802-DAE3-4015-AFB8-6D36F37D29B2}.Release|ARM.Build.0 = Release|Any CPU
		{0A5E1802-DAE3-4015-AFB8-6D36F37D29B2}.Release|ARM64.ActiveCfg = Release|Any CPU
		{0A5E1802-DAE3-4015-AFB8-6D36F37D29B2}.Release|ARM64.Build.0 = Release|Any CPU
		{0A5E1802-DAE3-4015-AFB8-6D36F37D29B2}.Release|x64.ActiveCfg = Release|Any CPU
		{0A5E1802-DAE3-4015-AFB8-6D36F37D29B2}.Release|x64.Build.0 = Release|Any CPU
		{0A5E1802-DAE3-4015-AFB8-6D36F37D29B2}.Release|x86.ActiveCfg = Release|Any CPU
		{0A5E1802-DAE3-4015-AFB8-6D36F37D29B2}.Release|x86.Build.0 = Release|Any CPU
		{7BE05EEB-7CFF-455D-A00E-440906CA03EC}.Debug|Any CPU.ActiveCfg = Debug|Any CPU
		{7BE05EEB-7CFF-455D-A00E-440906CA03EC}.Debug|Any CPU.Build.0 = Debug|Any CPU
		{7BE05EEB-7CFF-455D-A00E-440906CA03EC}.Debug|ARM.ActiveCfg = Debug|Any CPU
		{7BE05EEB-7CFF-455D-A00E-440906CA03EC}.Debug|ARM.Build.0 = Debug|Any CPU
		{7BE05EEB-7CFF-455D-A00E-440906CA03EC}.Debug|ARM64.ActiveCfg = Debug|Any CPU
		{7BE05EEB-7CFF-455D-A00E-440906CA03EC}.Debug|ARM64.Build.0 = Debug|Any CPU
		{7BE05EEB-7CFF-455D-A00E-440906CA03EC}.Debug|x64.ActiveCfg = Debug|Any CPU
		{7BE05EEB-7CFF-455D-A00E-440906CA03EC}.Debug|x64.Build.0 = Debug|Any CPU
		{7BE05EEB-7CFF-455D-A00E-440906CA03EC}.Debug|x86.ActiveCfg = Debug|Any CPU
		{7BE05EEB-7CFF-455D-A00E-440906CA03EC}.Debug|x86.Build.0 = Debug|Any CPU
		{7BE05EEB-7CFF-455D-A00E-440906CA03EC}.Release|Any CPU.ActiveCfg = Release|Any CPU
		{7BE05EEB-7CFF-455D-A00E-440906CA03EC}.Release|Any CPU.Build.0 = Release|Any CPU
		{7BE05EEB-7CFF-455D-A00E-440906CA03EC}.Release|ARM.ActiveCfg = Release|Any CPU
		{7BE05EEB-7CFF-455D-A00E-440906CA03EC}.Release|ARM.Build.0 = Release|Any CPU
		{7BE05EEB-7CFF-455D-A00E-440906CA03EC}.Release|ARM64.ActiveCfg = Release|Any CPU
		{7BE05EEB-7CFF-455D-A00E-440906CA03EC}.Release|ARM64.Build.0 = Release|Any CPU
		{7BE05EEB-7CFF-455D-A00E-440906CA03EC}.Release|x64.ActiveCfg = Release|Any CPU
		{7BE05EEB-7CFF-455D-A00E-440906CA03EC}.Release|x64.Build.0 = Release|Any CPU
		{7BE05EEB-7CFF-455D-A00E-440906CA03EC}.Release|x86.ActiveCfg = Release|Any CPU
		{7BE05EEB-7CFF-455D-A00E-440906CA03EC}.Release|x86.Build.0 = Release|Any CPU
		{20B7D507-7FD1-4D4F-991D-9DE0B3B59F48}.Debug|Any CPU.ActiveCfg = Debug|Any CPU
		{20B7D507-7FD1-4D4F-991D-9DE0B3B59F48}.Debug|Any CPU.Build.0 = Debug|Any CPU
		{20B7D507-7FD1-4D4F-991D-9DE0B3B59F48}.Debug|ARM.ActiveCfg = Debug|Any CPU
		{20B7D507-7FD1-4D4F-991D-9DE0B3B59F48}.Debug|ARM.Build.0 = Debug|Any CPU
		{20B7D507-7FD1-4D4F-991D-9DE0B3B59F48}.Debug|ARM64.ActiveCfg = Debug|Any CPU
		{20B7D507-7FD1-4D4F-991D-9DE0B3B59F48}.Debug|ARM64.Build.0 = Debug|Any CPU
		{20B7D507-7FD1-4D4F-991D-9DE0B3B59F48}.Debug|x64.ActiveCfg = Debug|Any CPU
		{20B7D507-7FD1-4D4F-991D-9DE0B3B59F48}.Debug|x64.Build.0 = Debug|Any CPU
		{20B7D507-7FD1-4D4F-991D-9DE0B3B59F48}.Debug|x86.ActiveCfg = Debug|Any CPU
		{20B7D507-7FD1-4D4F-991D-9DE0B3B59F48}.Debug|x86.Build.0 = Debug|Any CPU
		{20B7D507-7FD1-4D4F-991D-9DE0B3B59F48}.Release|Any CPU.ActiveCfg = Release|Any CPU
		{20B7D507-7FD1-4D4F-991D-9DE0B3B59F48}.Release|Any CPU.Build.0 = Release|Any CPU
		{20B7D507-7FD1-4D4F-991D-9DE0B3B59F48}.Release|ARM.ActiveCfg = Release|Any CPU
		{20B7D507-7FD1-4D4F-991D-9DE0B3B59F48}.Release|ARM.Build.0 = Release|Any CPU
		{20B7D507-7FD1-4D4F-991D-9DE0B3B59F48}.Release|ARM64.ActiveCfg = Release|Any CPU
		{20B7D507-7FD1-4D4F-991D-9DE0B3B59F48}.Release|ARM64.Build.0 = Release|Any CPU
		{20B7D507-7FD1-4D4F-991D-9DE0B3B59F48}.Release|x64.ActiveCfg = Release|Any CPU
		{20B7D507-7FD1-4D4F-991D-9DE0B3B59F48}.Release|x64.Build.0 = Release|Any CPU
		{20B7D507-7FD1-4D4F-991D-9DE0B3B59F48}.Release|x86.ActiveCfg = Release|Any CPU
		{20B7D507-7FD1-4D4F-991D-9DE0B3B59F48}.Release|x86.Build.0 = Release|Any CPU
		{84780B2F-8541-41F9-9866-10C8A2D8DA28}.Debug|Any CPU.ActiveCfg = Debug|Any CPU
		{84780B2F-8541-41F9-9866-10C8A2D8DA28}.Debug|Any CPU.Build.0 = Debug|Any CPU
		{84780B2F-8541-41F9-9866-10C8A2D8DA28}.Debug|ARM.ActiveCfg = Debug|Any CPU
		{84780B2F-8541-41F9-9866-10C8A2D8DA28}.Debug|ARM.Build.0 = Debug|Any CPU
		{84780B2F-8541-41F9-9866-10C8A2D8DA28}.Debug|ARM64.ActiveCfg = Debug|Any CPU
		{84780B2F-8541-41F9-9866-10C8A2D8DA28}.Debug|ARM64.Build.0 = Debug|Any CPU
		{84780B2F-8541-41F9-9866-10C8A2D8DA28}.Debug|x64.ActiveCfg = Debug|Any CPU
		{84780B2F-8541-41F9-9866-10C8A2D8DA28}.Debug|x64.Build.0 = Debug|Any CPU
		{84780B2F-8541-41F9-9866-10C8A2D8DA28}.Debug|x86.ActiveCfg = Debug|Any CPU
		{84780B2F-8541-41F9-9866-10C8A2D8DA28}.Debug|x86.Build.0 = Debug|Any CPU
		{84780B2F-8541-41F9-9866-10C8A2D8DA28}.Release|Any CPU.ActiveCfg = Release|Any CPU
		{84780B2F-8541-41F9-9866-10C8A2D8DA28}.Release|Any CPU.Build.0 = Release|Any CPU
		{84780B2F-8541-41F9-9866-10C8A2D8DA28}.Release|ARM.ActiveCfg = Release|Any CPU
		{84780B2F-8541-41F9-9866-10C8A2D8DA28}.Release|ARM.Build.0 = Release|Any CPU
		{84780B2F-8541-41F9-9866-10C8A2D8DA28}.Release|ARM64.ActiveCfg = Release|Any CPU
		{84780B2F-8541-41F9-9866-10C8A2D8DA28}.Release|ARM64.Build.0 = Release|Any CPU
		{84780B2F-8541-41F9-9866-10C8A2D8DA28}.Release|x64.ActiveCfg = Release|Any CPU
		{84780B2F-8541-41F9-9866-10C8A2D8DA28}.Release|x64.Build.0 = Release|Any CPU
		{84780B2F-8541-41F9-9866-10C8A2D8DA28}.Release|x86.ActiveCfg = Release|Any CPU
		{84780B2F-8541-41F9-9866-10C8A2D8DA28}.Release|x86.Build.0 = Release|Any CPU
		{B3D41062-AAFA-4880-9571-599AA4A5E370}.Debug|Any CPU.ActiveCfg = Debug|Any CPU
		{B3D41062-AAFA-4880-9571-599AA4A5E370}.Debug|Any CPU.Build.0 = Debug|Any CPU
		{B3D41062-AAFA-4880-9571-599AA4A5E370}.Debug|ARM.ActiveCfg = Debug|Any CPU
		{B3D41062-AAFA-4880-9571-599AA4A5E370}.Debug|ARM.Build.0 = Debug|Any CPU
		{B3D41062-AAFA-4880-9571-599AA4A5E370}.Debug|ARM64.ActiveCfg = Debug|Any CPU
		{B3D41062-AAFA-4880-9571-599AA4A5E370}.Debug|ARM64.Build.0 = Debug|Any CPU
		{B3D41062-AAFA-4880-9571-599AA4A5E370}.Debug|x64.ActiveCfg = Debug|Any CPU
		{B3D41062-AAFA-4880-9571-599AA4A5E370}.Debug|x64.Build.0 = Debug|Any CPU
		{B3D41062-AAFA-4880-9571-599AA4A5E370}.Debug|x86.ActiveCfg = Debug|Any CPU
		{B3D41062-AAFA-4880-9571-599AA4A5E370}.Debug|x86.Build.0 = Debug|Any CPU
		{B3D41062-AAFA-4880-9571-599AA4A5E370}.Release|Any CPU.ActiveCfg = Release|Any CPU
		{B3D41062-AAFA-4880-9571-599AA4A5E370}.Release|Any CPU.Build.0 = Release|Any CPU
		{B3D41062-AAFA-4880-9571-599AA4A5E370}.Release|ARM.ActiveCfg = Release|Any CPU
		{B3D41062-AAFA-4880-9571-599AA4A5E370}.Release|ARM.Build.0 = Release|Any CPU
		{B3D41062-AAFA-4880-9571-599AA4A5E370}.Release|ARM64.ActiveCfg = Release|Any CPU
		{B3D41062-AAFA-4880-9571-599AA4A5E370}.Release|ARM64.Build.0 = Release|Any CPU
		{B3D41062-AAFA-4880-9571-599AA4A5E370}.Release|x64.ActiveCfg = Release|Any CPU
		{B3D41062-AAFA-4880-9571-599AA4A5E370}.Release|x64.Build.0 = Release|Any CPU
		{B3D41062-AAFA-4880-9571-599AA4A5E370}.Release|x86.ActiveCfg = Release|Any CPU
		{B3D41062-AAFA-4880-9571-599AA4A5E370}.Release|x86.Build.0 = Release|Any CPU
		{B51CEA40-8B68-40C7-9EC5-697911410A09}.Debug|Any CPU.ActiveCfg = Debug|Any CPU
		{B51CEA40-8B68-40C7-9EC5-697911410A09}.Debug|Any CPU.Build.0 = Debug|Any CPU
		{B51CEA40-8B68-40C7-9EC5-697911410A09}.Debug|ARM.ActiveCfg = Debug|Any CPU
		{B51CEA40-8B68-40C7-9EC5-697911410A09}.Debug|ARM.Build.0 = Debug|Any CPU
		{B51CEA40-8B68-40C7-9EC5-697911410A09}.Debug|ARM64.ActiveCfg = Debug|Any CPU
		{B51CEA40-8B68-40C7-9EC5-697911410A09}.Debug|ARM64.Build.0 = Debug|Any CPU
		{B51CEA40-8B68-40C7-9EC5-697911410A09}.Debug|x64.ActiveCfg = Debug|Any CPU
		{B51CEA40-8B68-40C7-9EC5-697911410A09}.Debug|x64.Build.0 = Debug|Any CPU
		{B51CEA40-8B68-40C7-9EC5-697911410A09}.Debug|x86.ActiveCfg = Debug|Any CPU
		{B51CEA40-8B68-40C7-9EC5-697911410A09}.Debug|x86.Build.0 = Debug|Any CPU
		{B51CEA40-8B68-40C7-9EC5-697911410A09}.Release|Any CPU.ActiveCfg = Release|Any CPU
		{B51CEA40-8B68-40C7-9EC5-697911410A09}.Release|Any CPU.Build.0 = Release|Any CPU
		{B51CEA40-8B68-40C7-9EC5-697911410A09}.Release|ARM.ActiveCfg = Release|Any CPU
		{B51CEA40-8B68-40C7-9EC5-697911410A09}.Release|ARM.Build.0 = Release|Any CPU
		{B51CEA40-8B68-40C7-9EC5-697911410A09}.Release|ARM64.ActiveCfg = Release|Any CPU
		{B51CEA40-8B68-40C7-9EC5-697911410A09}.Release|ARM64.Build.0 = Release|Any CPU
		{B51CEA40-8B68-40C7-9EC5-697911410A09}.Release|x64.ActiveCfg = Release|Any CPU
		{B51CEA40-8B68-40C7-9EC5-697911410A09}.Release|x64.Build.0 = Release|Any CPU
		{B51CEA40-8B68-40C7-9EC5-697911410A09}.Release|x86.ActiveCfg = Release|Any CPU
		{B51CEA40-8B68-40C7-9EC5-697911410A09}.Release|x86.Build.0 = Release|Any CPU
		{9A53B2BC-E2AE-448B-9EB6-0183C2C0A6FD}.Debug|Any CPU.ActiveCfg = Debug|Any CPU
		{9A53B2BC-E2AE-448B-9EB6-0183C2C0A6FD}.Debug|Any CPU.Build.0 = Debug|Any CPU
		{9A53B2BC-E2AE-448B-9EB6-0183C2C0A6FD}.Debug|ARM.ActiveCfg = Debug|Any CPU
		{9A53B2BC-E2AE-448B-9EB6-0183C2C0A6FD}.Debug|ARM.Build.0 = Debug|Any CPU
		{9A53B2BC-E2AE-448B-9EB6-0183C2C0A6FD}.Debug|ARM64.ActiveCfg = Debug|Any CPU
		{9A53B2BC-E2AE-448B-9EB6-0183C2C0A6FD}.Debug|ARM64.Build.0 = Debug|Any CPU
		{9A53B2BC-E2AE-448B-9EB6-0183C2C0A6FD}.Debug|x64.ActiveCfg = Debug|Any CPU
		{9A53B2BC-E2AE-448B-9EB6-0183C2C0A6FD}.Debug|x64.Build.0 = Debug|Any CPU
		{9A53B2BC-E2AE-448B-9EB6-0183C2C0A6FD}.Debug|x86.ActiveCfg = Debug|Any CPU
		{9A53B2BC-E2AE-448B-9EB6-0183C2C0A6FD}.Debug|x86.Build.0 = Debug|Any CPU
		{9A53B2BC-E2AE-448B-9EB6-0183C2C0A6FD}.Release|Any CPU.ActiveCfg = Release|Any CPU
		{9A53B2BC-E2AE-448B-9EB6-0183C2C0A6FD}.Release|Any CPU.Build.0 = Release|Any CPU
		{9A53B2BC-E2AE-448B-9EB6-0183C2C0A6FD}.Release|ARM.ActiveCfg = Release|Any CPU
		{9A53B2BC-E2AE-448B-9EB6-0183C2C0A6FD}.Release|ARM.Build.0 = Release|Any CPU
		{9A53B2BC-E2AE-448B-9EB6-0183C2C0A6FD}.Release|ARM64.ActiveCfg = Release|Any CPU
		{9A53B2BC-E2AE-448B-9EB6-0183C2C0A6FD}.Release|ARM64.Build.0 = Release|Any CPU
		{9A53B2BC-E2AE-448B-9EB6-0183C2C0A6FD}.Release|x64.ActiveCfg = Release|Any CPU
		{9A53B2BC-E2AE-448B-9EB6-0183C2C0A6FD}.Release|x64.Build.0 = Release|Any CPU
		{9A53B2BC-E2AE-448B-9EB6-0183C2C0A6FD}.Release|x86.ActiveCfg = Release|Any CPU
		{9A53B2BC-E2AE-448B-9EB6-0183C2C0A6FD}.Release|x86.Build.0 = Release|Any CPU
		{E012FAD3-B5E7-44A6-A484-F5D6A6C23B91}.Debug|Any CPU.ActiveCfg = Debug|Any CPU
		{E012FAD3-B5E7-44A6-A484-F5D6A6C23B91}.Debug|Any CPU.Build.0 = Debug|Any CPU
		{E012FAD3-B5E7-44A6-A484-F5D6A6C23B91}.Debug|ARM.ActiveCfg = Debug|Any CPU
		{E012FAD3-B5E7-44A6-A484-F5D6A6C23B91}.Debug|ARM.Build.0 = Debug|Any CPU
		{E012FAD3-B5E7-44A6-A484-F5D6A6C23B91}.Debug|ARM64.ActiveCfg = Debug|Any CPU
		{E012FAD3-B5E7-44A6-A484-F5D6A6C23B91}.Debug|ARM64.Build.0 = Debug|Any CPU
		{E012FAD3-B5E7-44A6-A484-F5D6A6C23B91}.Debug|x64.ActiveCfg = Debug|Any CPU
		{E012FAD3-B5E7-44A6-A484-F5D6A6C23B91}.Debug|x64.Build.0 = Debug|Any CPU
		{E012FAD3-B5E7-44A6-A484-F5D6A6C23B91}.Debug|x86.ActiveCfg = Debug|Any CPU
		{E012FAD3-B5E7-44A6-A484-F5D6A6C23B91}.Debug|x86.Build.0 = Debug|Any CPU
		{E012FAD3-B5E7-44A6-A484-F5D6A6C23B91}.Release|Any CPU.ActiveCfg = Release|Any CPU
		{E012FAD3-B5E7-44A6-A484-F5D6A6C23B91}.Release|Any CPU.Build.0 = Release|Any CPU
		{E012FAD3-B5E7-44A6-A484-F5D6A6C23B91}.Release|ARM.ActiveCfg = Release|Any CPU
		{E012FAD3-B5E7-44A6-A484-F5D6A6C23B91}.Release|ARM.Build.0 = Release|Any CPU
		{E012FAD3-B5E7-44A6-A484-F5D6A6C23B91}.Release|ARM64.ActiveCfg = Release|Any CPU
		{E012FAD3-B5E7-44A6-A484-F5D6A6C23B91}.Release|ARM64.Build.0 = Release|Any CPU
		{E012FAD3-B5E7-44A6-A484-F5D6A6C23B91}.Release|x64.ActiveCfg = Release|Any CPU
		{E012FAD3-B5E7-44A6-A484-F5D6A6C23B91}.Release|x64.Build.0 = Release|Any CPU
		{E012FAD3-B5E7-44A6-A484-F5D6A6C23B91}.Release|x86.ActiveCfg = Release|Any CPU
		{E012FAD3-B5E7-44A6-A484-F5D6A6C23B91}.Release|x86.Build.0 = Release|Any CPU
		{6AA425C9-EA6A-4B01-AAED-5FF122E8B663}.Debug|Any CPU.ActiveCfg = Debug|Any CPU
		{6AA425C9-EA6A-4B01-AAED-5FF122E8B663}.Debug|Any CPU.Build.0 = Debug|Any CPU
		{6AA425C9-EA6A-4B01-AAED-5FF122E8B663}.Debug|ARM.ActiveCfg = Debug|Any CPU
		{6AA425C9-EA6A-4B01-AAED-5FF122E8B663}.Debug|ARM.Build.0 = Debug|Any CPU
		{6AA425C9-EA6A-4B01-AAED-5FF122E8B663}.Debug|ARM64.ActiveCfg = Debug|Any CPU
		{6AA425C9-EA6A-4B01-AAED-5FF122E8B663}.Debug|ARM64.Build.0 = Debug|Any CPU
		{6AA425C9-EA6A-4B01-AAED-5FF122E8B663}.Debug|x64.ActiveCfg = Debug|Any CPU
		{6AA425C9-EA6A-4B01-AAED-5FF122E8B663}.Debug|x64.Build.0 = Debug|Any CPU
		{6AA425C9-EA6A-4B01-AAED-5FF122E8B663}.Debug|x86.ActiveCfg = Debug|Any CPU
		{6AA425C9-EA6A-4B01-AAED-5FF122E8B663}.Debug|x86.Build.0 = Debug|Any CPU
		{6AA425C9-EA6A-4B01-AAED-5FF122E8B663}.Release|Any CPU.ActiveCfg = Release|Any CPU
		{6AA425C9-EA6A-4B01-AAED-5FF122E8B663}.Release|Any CPU.Build.0 = Release|Any CPU
		{6AA425C9-EA6A-4B01-AAED-5FF122E8B663}.Release|ARM.ActiveCfg = Release|Any CPU
		{6AA425C9-EA6A-4B01-AAED-5FF122E8B663}.Release|ARM.Build.0 = Release|Any CPU
		{6AA425C9-EA6A-4B01-AAED-5FF122E8B663}.Release|ARM64.ActiveCfg = Release|Any CPU
		{6AA425C9-EA6A-4B01-AAED-5FF122E8B663}.Release|ARM64.Build.0 = Release|Any CPU
		{6AA425C9-EA6A-4B01-AAED-5FF122E8B663}.Release|x64.ActiveCfg = Release|Any CPU
		{6AA425C9-EA6A-4B01-AAED-5FF122E8B663}.Release|x64.Build.0 = Release|Any CPU
		{6AA425C9-EA6A-4B01-AAED-5FF122E8B663}.Release|x86.ActiveCfg = Release|Any CPU
		{6AA425C9-EA6A-4B01-AAED-5FF122E8B663}.Release|x86.Build.0 = Release|Any CPU
		{BEE33D94-6BC9-4061-A5A8-86E1F6D6449A}.Debug|Any CPU.ActiveCfg = Debug|Any CPU
		{BEE33D94-6BC9-4061-A5A8-86E1F6D6449A}.Debug|Any CPU.Build.0 = Debug|Any CPU
		{BEE33D94-6BC9-4061-A5A8-86E1F6D6449A}.Debug|ARM.ActiveCfg = Debug|Any CPU
		{BEE33D94-6BC9-4061-A5A8-86E1F6D6449A}.Debug|ARM.Build.0 = Debug|Any CPU
		{BEE33D94-6BC9-4061-A5A8-86E1F6D6449A}.Debug|ARM64.ActiveCfg = Debug|Any CPU
		{BEE33D94-6BC9-4061-A5A8-86E1F6D6449A}.Debug|ARM64.Build.0 = Debug|Any CPU
		{BEE33D94-6BC9-4061-A5A8-86E1F6D6449A}.Debug|x64.ActiveCfg = Debug|Any CPU
		{BEE33D94-6BC9-4061-A5A8-86E1F6D6449A}.Debug|x64.Build.0 = Debug|Any CPU
		{BEE33D94-6BC9-4061-A5A8-86E1F6D6449A}.Debug|x86.ActiveCfg = Debug|Any CPU
		{BEE33D94-6BC9-4061-A5A8-86E1F6D6449A}.Debug|x86.Build.0 = Debug|Any CPU
		{BEE33D94-6BC9-4061-A5A8-86E1F6D6449A}.Release|Any CPU.ActiveCfg = Release|Any CPU
		{BEE33D94-6BC9-4061-A5A8-86E1F6D6449A}.Release|Any CPU.Build.0 = Release|Any CPU
		{BEE33D94-6BC9-4061-A5A8-86E1F6D6449A}.Release|ARM.ActiveCfg = Release|Any CPU
		{BEE33D94-6BC9-4061-A5A8-86E1F6D6449A}.Release|ARM.Build.0 = Release|Any CPU
		{BEE33D94-6BC9-4061-A5A8-86E1F6D6449A}.Release|ARM64.ActiveCfg = Release|Any CPU
		{BEE33D94-6BC9-4061-A5A8-86E1F6D6449A}.Release|ARM64.Build.0 = Release|Any CPU
		{BEE33D94-6BC9-4061-A5A8-86E1F6D6449A}.Release|x64.ActiveCfg = Release|Any CPU
		{BEE33D94-6BC9-4061-A5A8-86E1F6D6449A}.Release|x64.Build.0 = Release|Any CPU
		{BEE33D94-6BC9-4061-A5A8-86E1F6D6449A}.Release|x86.ActiveCfg = Release|Any CPU
		{BEE33D94-6BC9-4061-A5A8-86E1F6D6449A}.Release|x86.Build.0 = Release|Any CPU
	EndGlobalSection
	GlobalSection(SolutionProperties) = preSolution
		HideSolutionNode = FALSE
	EndGlobalSection
	GlobalSection(NestedProjects) = preSolution
		{C7FC4C85-A830-461F-BA75-6BB3D755B8CD} = {477ABEC1-0F2D-4FCF-9F7B-831E6A853F1C}
		{88ED1868-33AD-4314-BCAD-1FF8E5B41DA7} = {24C0EDC9-4B71-466B-818D-8C71D923C5CD}
		{CBB2FF33-FB2A-4648-A820-3BE95B3F1777} = {A9231DA2-111B-4F6B-BE88-10DB60F4D380}
		{1BFDD5C1-57C1-46D5-8C48-6E2EFB70AD31} = {ABC0148B-706B-4DCE-B12E-EBDC36A85AAF}
		{52D84F76-A26F-4B4E-B296-1158DD3A6C4B} = {477ABEC1-0F2D-4FCF-9F7B-831E6A853F1C}
		{F5B9D83B-AFE1-405D-A326-6191E40AD690} = {477ABEC1-0F2D-4FCF-9F7B-831E6A853F1C}
		{2E4C888D-BA26-4AA2-98CE-007CD48D2DB0} = {477ABEC1-0F2D-4FCF-9F7B-831E6A853F1C}
		{D06F3AA6-E3DA-4522-943D-DAB16364E772} = {477ABEC1-0F2D-4FCF-9F7B-831E6A853F1C}
		{90EEBD9C-6716-474A-B470-7138EDD0B3C5} = {477ABEC1-0F2D-4FCF-9F7B-831E6A853F1C}
		{8E24D26B-C342-4A9B-8124-8220BB5EFCDA} = {477ABEC1-0F2D-4FCF-9F7B-831E6A853F1C}
		{CFE3B7D1-B6A5-4BF0-B8FA-272D415CC3B3} = {477ABEC1-0F2D-4FCF-9F7B-831E6A853F1C}
		{98462CF9-4825-40E4-9240-FF1E9F196259} = {477ABEC1-0F2D-4FCF-9F7B-831E6A853F1C}
		{7C8E5DF8-4861-4006-BA57-0DEEA2467438} = {477ABEC1-0F2D-4FCF-9F7B-831E6A853F1C}
		{5482E4E6-D7B6-4C43-89D3-7B759129D74D} = {477ABEC1-0F2D-4FCF-9F7B-831E6A853F1C}
		{BF88571B-62E9-4F6D-A86C-C364AACFE8BD} = {477ABEC1-0F2D-4FCF-9F7B-831E6A853F1C}
		{A64C19D4-F32C-4E7B-BAE6-27E68413797C} = {477ABEC1-0F2D-4FCF-9F7B-831E6A853F1C}
		{1A6C9074-A866-4F8A-86ED-0346092701F2} = {8F6F0FAC-9E64-4A9C-910B-125C378F8238}
		{35F1A666-B737-49BC-A737-E21B826E045A} = {477ABEC1-0F2D-4FCF-9F7B-831E6A853F1C}
		{787B8FF7-F0EA-4E28-A66D-23C5D911AFAE} = {24C0EDC9-4B71-466B-818D-8C71D923C5CD}
		{4CA639E0-8284-4CF0-AA8D-5C497DF454FA} = {A9231DA2-111B-4F6B-BE88-10DB60F4D380}
		{C1645797-7C9F-409D-8C94-F39A512EDBDC} = {24C0EDC9-4B71-466B-818D-8C71D923C5CD}
		{5A6A4DC0-792F-429D-8932-202B14F559D8} = {477ABEC1-0F2D-4FCF-9F7B-831E6A853F1C}
		{7798C1CB-D4C3-4BC1-B31A-F0446F87D084} = {477ABEC1-0F2D-4FCF-9F7B-831E6A853F1C}
		{BAE0F9B2-4010-4609-8DB3-5C39C5ACEE8C} = {477ABEC1-0F2D-4FCF-9F7B-831E6A853F1C}
		{ABB9E8FA-C222-403F-866B-2A2C5C44D17F} = {477ABEC1-0F2D-4FCF-9F7B-831E6A853F1C}
		{3BBE8CD0-7638-4302-B6D2-BAB98DA57C92} = {A9231DA2-111B-4F6B-BE88-10DB60F4D380}
		{46CD1F17-0CD4-4BEB-9DC1-CB42C0461734} = {A9231DA2-111B-4F6B-BE88-10DB60F4D380}
		{2889E377-915D-4798-B10E-E5AE862BF573} = {7CF651E5-0E67-4088-986E-08C1ACE830D1}
		{AE979F47-4C64-4771-8615-3F31F4532C01} = {7CF651E5-0E67-4088-986E-08C1ACE830D1}
		{3813AD0E-9860-4C7E-8307-2DF8B801008C} = {A9231DA2-111B-4F6B-BE88-10DB60F4D380}
		{744A8081-12C7-49DA-8EC5-CB28195CE9D5} = {A9231DA2-111B-4F6B-BE88-10DB60F4D380}
		{D89E60FB-6C6E-4AA4-AA49-8CDC9DD7F72F} = {8F6F0FAC-9E64-4A9C-910B-125C378F8238}
		{0A5E1802-DAE3-4015-AFB8-6D36F37D29B2} = {A9231DA2-111B-4F6B-BE88-10DB60F4D380}
		{7BE05EEB-7CFF-455D-A00E-440906CA03EC} = {477ABEC1-0F2D-4FCF-9F7B-831E6A853F1C}
		{20B7D507-7FD1-4D4F-991D-9DE0B3B59F48} = {7CF651E5-0E67-4088-986E-08C1ACE830D1}
		{84780B2F-8541-41F9-9866-10C8A2D8DA28} = {A9231DA2-111B-4F6B-BE88-10DB60F4D380}
		{B3D41062-AAFA-4880-9571-599AA4A5E370} = {7CF651E5-0E67-4088-986E-08C1ACE830D1}
		{B51CEA40-8B68-40C7-9EC5-697911410A09} = {8F6F0FAC-9E64-4A9C-910B-125C378F8238}
		{9A53B2BC-E2AE-448B-9EB6-0183C2C0A6FD} = {7CF651E5-0E67-4088-986E-08C1ACE830D1}
		{E012FAD3-B5E7-44A6-A484-F5D6A6C23B91} = {8F6F0FAC-9E64-4A9C-910B-125C378F8238}
		{6AA425C9-EA6A-4B01-AAED-5FF122E8B663} = {477ABEC1-0F2D-4FCF-9F7B-831E6A853F1C}
		{BEE33D94-6BC9-4061-A5A8-86E1F6D6449A} = {7CF651E5-0E67-4088-986E-08C1ACE830D1}
	EndGlobalSection
	GlobalSection(ExtensibilityGlobals) = postSolution
		SolutionGuid = {82B4EB42-DD9F-4135-9167-CD3484FDC2BD}
	EndGlobalSection
EndGlobal
